{
  "version": 4,
  "terraform_version": "1.16.4",
  "serial": 139,
  "lineage": "eedfdf14-6f1f-038d-2933-918bf9f5157d",
  "outputs": {
    "agent_runtime_resource_names": {
      "value": {
        "dev": "2666515258717241344",
        "prod": "8892741743556952064",
        "staging": "6938179505278156800"
      },
      "type": [
        "object",
        {
          "dev": "string",
          "prod": "string",
          "staging": "string"
        }
      ]
    },
    "app_service_account_emails": {
      "value": {
        "dev": "demo-agent-app-dev@sauter-poc-genai.iam.gserviceaccount.com",
        "prod": "demo-agent-app-prod@sauter-poc-genai.iam.gserviceaccount.com",
        "staging": "demo-agent-app-staging@sauter-poc-genai.iam.gserviceaccount.com"
      },
      "type": [
        "object",
        {
          "dev": "string",
          "prod": "string",
          "staging": "string"
        }
      ]
    },
    "cicd_runner_service_account_email": {
      "value": "demo-agent-cb@sauter-poc-genai.iam.gserviceaccount.com",
      "type": "string"
    },
    "logs_bucket_names": {
      "value": {
        "sauter-poc-genai": "sauter-poc-genai-demo-agent-logs"
      },
      "type": [
        "object",
        {
          "sauter-poc-genai": "string"
        }
      ]
    },
    "telemetry_bigquery_connection_id": {
      "value": {
        "dev": "demo-agent-genai-telemetry-dev",
        "prod": "demo-agent-genai-telemetry-prod",
        "staging": "demo-agent-genai-telemetry-staging"
      },
      "type": [
        "object",
        {
          "dev": "string",
          "prod": "string",
          "staging": "string"
        }
      ]
    },
    "telemetry_dataset_id": {
      "value": {
        "dev": "demo_agent_telemetry_dev",
        "prod": "demo_agent_telemetry_prod",
        "staging": "demo_agent_telemetry_staging"
      },
      "type": [
        "object",
        {
          "dev": "string",
          "prod": "string",
          "staging": "string"
        }
      ]
    }
  },
  "resources": [
    {
      "mode": "data",
      "type": "google_project",
      "name": "projects",
      "provider": "provider[\"registry.terraform.io/hashicorp/google\"]",
      "instances": [
        {
          "index_key": "dev",
          "schema_version": 0,
          "attributes": {
            "auto_create_network": null,
            "billing_account": "01ED74-82C2B7-BA7855",
            "deletion_policy": "PREVENT",
            "effective_labels": {
              "firebase": "enabled",
              "generative-language": "enabled"
            },
            "folder_id": "1014244192455",
            "id": "projects/sauter-poc-genai",
            "labels": {
              "firebase": "enabled",
              "generative-language": "enabled"
            },
            "name": "sauter-poc-genai",
            "number": "864119621453",
            "org_id": "",
            "project_id": "sauter-poc-genai",
            "tags": null,
            "terraform_labels": {
              "firebase": "enabled",
              "generative-language": "enabled"
            }
          },
          "sensitive_attributes": [],
          "identity_schema_version": 0
        },
        {
          "index_key": "prod",
          "schema_version": 0,
          "attributes": {
            "auto_create_network": null,
            "billing_account": "01ED74-82C2B7-BA7855",
            "deletion_policy": "PREVENT",
            "effective_labels": {
              "firebase": "enabled",
              "generative-language": "enabled"
            },
            "folder_id": "1014244192455",
            "id": "projects/sauter-poc-genai",
            "labels": {
              "firebase": "enabled",
              "generative-language": "enabled"
            },
            "name": "sauter-poc-genai",
            "number": "864119621453",
            "org_id": "",
            "project_id": "sauter-poc-genai",
            "tags": null,
            "terraform_labels": {
              "firebase": "enabled",
              "generative-language": "enabled"
            }
          },
          "sensitive_attributes": [],
          "identity_schema_version": 0
        },
        {
          "index_key": "staging",
          "schema_version": 0,
          "attributes": {
            "auto_create_network": null,
            "billing_account": "01ED74-82C2B7-BA7855",
            "deletion_policy": "PREVENT",
            "effective_labels": {
              "firebase": "enabled",
              "generative-language": "enabled"
            },
            "folder_id": "1014244192455",
            "id": "projects/sauter-poc-genai",
            "labels": {
              "firebase": "enabled",
              "generative-language": "enabled"
            },
            "name": "sauter-poc-genai",
            "number": "864119621453",
            "org_id": "",
            "project_id": "sauter-poc-genai",
            "tags": null,
            "terraform_labels": {
              "firebase": "enabled",
              "generative-language": "enabled"
            }
          },
          "sensitive_attributes": [],
          "identity_schema_version": 0
        }
      ]
    },
    {
      "mode": "managed",
      "type": "google_bigquery_connection",
      "name": "genai_telemetry_connection",
      "provider": "provider[\"registry.terraform.io/hashicorp/google\"]",
      "instances": [
        {
          "index_key": "dev",
          "schema_version": 0,
          "attributes": {
            "aws": [],
            "azure": [],
            "cloud_resource": [
              {
                "service_account_id": "bqcx-864119621453-0omf@gcp-sa-bigquery-condel.iam.gserviceaccount.com"
              }
            ],
            "cloud_spanner": [],
            "cloud_sql": [],
            "connection_id": "demo-agent-genai-telemetry-dev",
            "description": "",
            "friendly_name": "demo-agent GenAI Telemetry Connection",
            "has_credential": false,
            "id": "projects/sauter-poc-genai/locations/us-central1/connections/demo-agent-genai-telemetry-dev",
            "kms_key_name": "",
            "location": "us-central1",
            "name": "projects/864119621453/locations/us-central1/connections/demo-agent-genai-telemetry-dev",
            "project": "sauter-poc-genai",
            "spark": [],
            "timeouts": null
          },
          "sensitive_attributes": [],
          "identity_schema_version": 1,
          "identity": {
            "connection_id": "demo-agent-genai-telemetry-dev",
            "location": "us-central1",
            "project": "sauter-poc-genai"
          },
          "private": "eyJlMmJmYjczMC1lY2FhLTExZTYtOGY4OC0zNDM2M2JjN2M0YzAiOnsiY3JlYXRlIjoxMjAwMDAwMDAwMDAwLCJkZWxldGUiOjEyMDAwMDAwMDAwMDAsInVwZGF0ZSI6MTIwMDAwMDAwMDAwMH19",
          "dependencies": [
            "google_project_service.cicd_services",
            "google_project_service.deploy_project_services"
          ]
        },
        {
          "index_key": "prod",
          "schema_version": 0,
          "attributes": {
            "aws": [],
            "azure": [],
            "cloud_resource": [
              {
                "service_account_id": "bqcx-864119621453-u67l@gcp-sa-bigquery-condel.iam.gserviceaccount.com"
              }
            ],
            "cloud_spanner": [],
            "cloud_sql": [],
            "connection_id": "demo-agent-genai-telemetry-prod",
            "description": "",
            "friendly_name": "demo-agent GenAI Telemetry Connection",
            "has_credential": false,
            "id": "projects/sauter-poc-genai/locations/us-central1/connections/demo-agent-genai-telemetry-prod",
            "kms_key_name": "",
            "location": "us-central1",
            "name": "projects/864119621453/locations/us-central1/connections/demo-agent-genai-telemetry-prod",
            "project": "sauter-poc-genai",
            "spark": [],
            "timeouts": null
          },
          "sensitive_attributes": [],
          "identity_schema_version": 1,
          "identity": {
            "connection_id": "demo-agent-genai-telemetry-prod",
            "location": "us-central1",
            "project": "sauter-poc-genai"
          },
          "private": "eyJlMmJmYjczMC1lY2FhLTExZTYtOGY4OC0zNDM2M2JjN2M0YzAiOnsiY3JlYXRlIjoxMjAwMDAwMDAwMDAwLCJkZWxldGUiOjEyMDAwMDAwMDAwMDAsInVwZGF0ZSI6MTIwMDAwMDAwMDAwMH19",
          "dependencies": [
            "google_project_service.cicd_services",
            "google_project_service.deploy_project_services"
          ]
        },
        {
          "index_key": "staging",
          "schema_version": 0,
          "attributes": {
            "aws": [],
            "azure": [],
            "cloud_resource": [
              {
                "service_account_id": "bqcx-864119621453-2v3z@gcp-sa-bigquery-condel.iam.gserviceaccount.com"
              }
            ],
            "cloud_spanner": [],
            "cloud_sql": [],
            "connection_id": "demo-agent-genai-telemetry-staging",
            "description": "",
            "friendly_name": "demo-agent GenAI Telemetry Connection",
            "has_credential": false,
            "id": "projects/sauter-poc-genai/locations/us-central1/connections/demo-agent-genai-telemetry-staging",
            "kms_key_name": "",
            "location": "us-central1",
            "name": "projects/864119621453/locations/us-central1/connections/demo-agent-genai-telemetry-staging",
            "project": "sauter-poc-genai",
            "spark": [],
            "timeouts": null
          },
          "sensitive_attributes": [],
          "identity_schema_version": 1,
          "identity": {
            "connection_id": "demo-agent-genai-telemetry-staging",
            "location": "us-central1",
            "project": "sauter-poc-genai"
          },
          "private": "eyJlMmJmYjczMC1lY2FhLTExZTYtOGY4OC0zNDM2M2JjN2M0YzAiOnsiY3JlYXRlIjoxMjAwMDAwMDAwMDAwLCJkZWxldGUiOjEyMDAwMDAwMDAwMDAsInVwZGF0ZSI6MTIwMDAwMDAwMDAwMH19",
          "dependencies": [
            "google_project_service.cicd_services",
            "google_project_service.deploy_project_services"
          ]
        }
      ]
    },
    {
      "mode": "managed",
      "type": "google_bigquery_dataset",
      "name": "telemetry_dataset",
      "provider": "provider[\"registry.terraform.io/hashicorp/google\"]",
      "instances": [
        {
          "index_key": "dev",
          "schema_version": 0,
          "attributes": {
            "access": [
              {
                "condition": [],
                "dataset": [],
                "domain": "",
                "group_by_email": "",
                "iam_member": "",
                "role": "OWNER",
                "routine": [],
                "special_group": "",
                "user_by_email": "melissa.rodrigues@sauter.digital",
                "view": []
              },
              {
                "condition": [],
                "dataset": [],
                "domain": "",
                "group_by_email": "",
                "iam_member": "",
                "role": "OWNER",
                "routine": [],
                "special_group": "projectOwners",
                "user_by_email": "",
                "view": []
              },
              {
                "condition": [],
                "dataset": [],
                "domain": "",
                "group_by_email": "",
                "iam_member": "",
                "role": "READER",
                "routine": [],
                "special_group": "projectReaders",
                "user_by_email": "",
                "view": []
              },
              {
                "condition": [],
                "dataset": [],
                "domain": "",
                "group_by_email": "",
                "iam_member": "",
                "role": "WRITER",
                "routine": [],
                "special_group": "",
                "user_by_email": "service-864119621453@gcp-sa-logging.iam.gserviceaccount.com",
                "view": []
              },
              {
                "condition": [],
                "dataset": [],
                "domain": "",
                "group_by_email": "",
                "iam_member": "",
                "role": "WRITER",
                "routine": [],
                "special_group": "projectWriters",
                "user_by_email": "",
                "view": []
              }
            ],
            "creation_time": 1789414156330,
            "dataset_id": "demo_agent_telemetry_dev",
            "default_collation": "",
            "default_encryption_configuration": [],
            "default_partition_expiration_ms": 0,
            "default_table_expiration_ms": 0,
            "delete_contents_on_destroy": false,
            "description": "Dataset for GenAI telemetry data stored in GCS",
            "effective_labels": {
              "goog-terraform-provisioned": "true"
            },
            "etag": "DQU1pkFfgqf1K3mPS8JI/g==",
            "external_catalog_dataset_options": [],
            "external_dataset_reference": [],
            "friendly_name": "demo-agent Telemetry",
            "id": "projects/sauter-poc-genai/datasets/demo_agent_telemetry_dev",
            "is_case_insensitive": false,
            "labels": {},
            "last_modified_time": 1789414158613,
            "location": "us-central1",
            "max_time_travel_hours": "168",
            "project": "sauter-poc-genai",
            "resource_tags": {},
            "self_link": "https://bigquery.googleapis.com/bigquery/v2/projects/sauter-poc-genai/datasets/demo_agent_telemetry_dev",
            "storage_billing_model": "",
            "terraform_labels": {
              "goog-terraform-provisioned": "true"
            },
            "timeouts": null
          },
          "sensitive_attributes": [],
          "identity_schema_version": 0,
          "private": "eyJlMmJmYjczMC1lY2FhLTExZTYtOGY4OC0zNDM2M2JjN2M0YzAiOnsiY3JlYXRlIjoxMjAwMDAwMDAwMDAwLCJkZWxldGUiOjEyMDAwMDAwMDAwMDAsInVwZGF0ZSI6MTIwMDAwMDAwMDAwMH19",
          "dependencies": [
            "google_project_service.cicd_services",
            "google_project_service.deploy_project_services"
          ]
        },
        {
          "index_key": "prod",
          "schema_version": 0,
          "attributes": {
            "access": [
              {
                "condition": [],
                "dataset": [],
                "domain": "",
                "group_by_email": "",
                "iam_member": "",
                "role": "OWNER",
                "routine": [],
                "special_group": "",
                "user_by_email": "melissa.rodrigues@sauter.digital",
                "view": []
              },
              {
                "condition": [],
                "dataset": [],
                "domain": "",
                "group_by_email": "",
                "iam_member": "",
                "role": "OWNER",
                "routine": [],
                "special_group": "projectOwners",
                "user_by_email": "",
                "view": []
              },
              {
                "condition": [],
                "dataset": [],
                "domain": "",
                "group_by_email": "",
                "iam_member": "",
                "role": "READER",
                "routine": [],
                "special_group": "projectReaders",
                "user_by_email": "",
                "view": []
              },
              {
                "condition": [],
                "dataset": [],
                "domain": "",
                "group_by_email": "",
                "iam_member": "",
                "role": "WRITER",
                "routine": [],
                "special_group": "",
                "user_by_email": "service-864119621453@gcp-sa-logging.iam.gserviceaccount.com",
                "view": []
              },
              {
                "condition": [],
                "dataset": [],
                "domain": "",
                "group_by_email": "",
                "iam_member": "",
                "role": "WRITER",
                "routine": [],
                "special_group": "projectWriters",
                "user_by_email": "",
                "view": []
              }
            ],
            "creation_time": 1789414156353,
            "dataset_id": "demo_agent_telemetry_prod",
            "default_collation": "",
            "default_encryption_configuration": [],
            "default_partition_expiration_ms": 0,
            "default_table_expiration_ms": 0,
            "delete_contents_on_destroy": false,
            "description": "Dataset for GenAI telemetry data stored in GCS",
            "effective_labels": {
              "goog-terraform-provisioned": "true"
            },
            "etag": "mmSs8Ri49i8ku74DJY+QZA==",
            "external_catalog_dataset_options": [],
            "external_dataset_reference": [],
            "friendly_name": "demo-agent Telemetry",
            "id": "projects/sauter-poc-genai/datasets/demo_agent_telemetry_prod",
            "is_case_insensitive": false,
            "labels": {},
            "last_modified_time": 1789414162611,
            "location": "us-central1",
            "max_time_travel_hours": "168",
            "project": "sauter-poc-genai",
            "resource_tags": {},
            "self_link": "https://bigquery.googleapis.com/bigquery/v2/projects/sauter-poc-genai/datasets/demo_agent_telemetry_prod",
            "storage_billing_model": "",
            "terraform_labels": {
              "goog-terraform-provisioned": "true"
            },
            "timeouts": null
          },
          "sensitive_attributes": [],
          "identity_schema_version": 0,
          "private": "eyJlMmJmYjczMC1lY2FhLTExZTYtOGY4OC0zNDM2M2JjN2M0YzAiOnsiY3JlYXRlIjoxMjAwMDAwMDAwMDAwLCJkZWxldGUiOjEyMDAwMDAwMDAwMDAsInVwZGF0ZSI6MTIwMDAwMDAwMDAwMH19",
          "dependencies": [
            "google_project_service.cicd_services",
            "google_project_service.deploy_project_services"
          ]
        },
        {
          "index_key": "staging",
          "schema_version": 0,
          "attributes": {
            "access": [
              {
                "condition": [],
                "dataset": [],
                "domain": "",
                "group_by_email": "",
                "iam_member": "",
                "role": "OWNER",
                "routine": [],
                "special_group": "",
                "user_by_email": "melissa.rodrigues@sauter.digital",
                "view": []
              },
              {
                "condition": [],
                "dataset": [],
                "domain": "",
                "group_by_email": "",
                "iam_member": "",
                "role": "OWNER",
                "routine": [],
                "special_group": "projectOwners",
                "user_by_email": "",
                "view": []
              },
              {
                "condition": [],
                "dataset": [],
                "domain": "",
                "group_by_email": "",
                "iam_member": "",
                "role": "READER",
                "routine": [],
                "special_group": "projectReaders",
                "user_by_email": "",
                "view": []
              },
              {
                "condition": [],
                "dataset": [],
                "domain": "",
                "group_by_email": "",
                "iam_member": "",
                "role": "WRITER",
                "routine": [],
                "special_group": "",
                "user_by_email": "service-864119621453@gcp-sa-logging.iam.gserviceaccount.com",
                "view": []
              },
              {
                "condition": [],
                "dataset": [],
                "domain": "",
                "group_by_email": "",
                "iam_member": "",
                "role": "WRITER",
                "routine": [],
                "special_group": "projectWriters",
                "user_by_email": "",
                "view": []
              }
            ],
            "creation_time": 1789414156329,
            "dataset_id": "demo_agent_telemetry_staging",
            "default_collation": "",
            "default_encryption_configuration": [],
            "default_partition_expiration_ms": 0,
            "default_table_expiration_ms": 0,
            "delete_contents_on_destroy": false,
            "description": "Dataset for GenAI telemetry data stored in GCS",
            "effective_labels": {
              "goog-terraform-provisioned": "true"
            },
            "etag": "fjMFT/h4wcYmnZH6/sAK3w==",
            "external_catalog_dataset_options": [],
            "external_dataset_reference": [],
            "friendly_name": "demo-agent Telemetry",
            "id": "projects/sauter-poc-genai/datasets/demo_agent_telemetry_staging",
            "is_case_insensitive": false,
            "labels": {},
            "last_modified_time": 1789414159011,
            "location": "us-central1",
            "max_time_travel_hours": "168",
            "project": "sauter-poc-genai",
            "resource_tags": {},
            "self_link": "https://bigquery.googleapis.com/bigquery/v2/projects/sauter-poc-genai/datasets/demo_agent_telemetry_staging",
            "storage_billing_model": "",
            "terraform_labels": {
              "goog-terraform-provisioned": "true"
            },
            "timeouts": null
          },
          "sensitive_attributes": [],
          "identity_schema_version": 0,
          "private": "eyJlMmJmYjczMC1lY2FhLTExZTYtOGY4OC0zNDM2M2JjN2M0YzAiOnsiY3JlYXRlIjoxMjAwMDAwMDAwMDAwLCJkZWxldGUiOjEyMDAwMDAwMDAwMDAsInVwZGF0ZSI6MTIwMDAwMDAwMDAwMH19",
          "dependencies": [
            "google_project_service.cicd_services",
            "google_project_service.deploy_project_services"
          ]
        }
      ]
    },
    {
      "mode": "managed",
      "type": "google_bigquery_dataset_iam_member",
      "name": "genai_logs_bq_writer",
      "provider": "provider[\"registry.terraform.io/hashicorp/google\"]",
      "instances": [
        {
          "index_key": "dev",
          "schema_version": 0,
          "attributes": {
            "condition": [],
            "dataset_id": "demo_agent_telemetry_dev",
            "etag": "",
            "id": "projects/sauter-poc-genai/datasets/demo_agent_telemetry_dev/roles/bigquery.dataEditor/serviceAccount:service-864119621453@gcp-sa-logging.iam.gserviceaccount.com",
            "member": "serviceAccount:service-864119621453@gcp-sa-logging.iam.gserviceaccount.com",
            "project": "sauter-poc-genai",
            "role": "roles/bigquery.dataEditor"
          },
          "sensitive_attributes": [],
          "identity_schema_version": 0,
          "private": "bnVsbA==",
          "dependencies": [
            "google_bigquery_dataset.telemetry_dataset",
            "google_logging_project_sink.genai_logs_to_bq",
            "google_project_service.cicd_services",
            "google_project_service.deploy_project_services"
          ]
        },
        {
          "index_key": "prod",
          "schema_version": 0,
          "attributes": {
            "condition": [],
            "dataset_id": "demo_agent_telemetry_prod",
            "etag": "",
            "id": "projects/sauter-poc-genai/datasets/demo_agent_telemetry_prod/roles/bigquery.dataEditor/serviceAccount:service-864119621453@gcp-sa-logging.iam.gserviceaccount.com",
            "member": "serviceAccount:service-864119621453@gcp-sa-logging.iam.gserviceaccount.com",
            "project": "sauter-poc-genai",
            "role": "roles/bigquery.dataEditor"
          },
          "sensitive_attributes": [],
          "identity_schema_version": 0,
          "private": "bnVsbA==",
          "dependencies": [
            "google_bigquery_dataset.telemetry_dataset",
            "google_logging_project_sink.genai_logs_to_bq",
            "google_project_service.cicd_services",
            "google_project_service.deploy_project_services"
          ]
        },
        {
          "index_key": "staging",
          "schema_version": 0,
          "attributes": {
            "condition": [],
            "dataset_id": "demo_agent_telemetry_staging",
            "etag": "",
            "id": "projects/sauter-poc-genai/datasets/demo_agent_telemetry_staging/roles/bigquery.dataEditor/serviceAccount:service-864119621453@gcp-sa-logging.iam.gserviceaccount.com",
            "member": "serviceAccount:service-864119621453@gcp-sa-logging.iam.gserviceaccount.com",
            "project": "sauter-poc-genai",
            "role": "roles/bigquery.dataEditor"
          },
          "sensitive_attributes": [],
          "identity_schema_version": 0,
          "private": "bnVsbA==",
          "dependencies": [
            "google_bigquery_dataset.telemetry_dataset",
            "google_logging_project_sink.genai_logs_to_bq",
            "google_project_service.cicd_services",
            "google_project_service.deploy_project_services"
          ]
        }
      ]
    },
    {
      "mode": "managed",
      "type": "google_bigquery_table",
      "name": "completions_external_table",
      "provider": "provider[\"registry.terraform.io/hashicorp/google\"]",
      "instances": [
        {
          "index_key": "dev",
          "schema_version": 0,
          "attributes": {
            "biglake_configuration": [],
            "clustering": null,
            "creation_time": 1789414244024,
            "dataset_id": "demo_agent_telemetry_dev",
            "deletion_protection": false,
            "description": "",
            "effective_labels": {
              "goog-terraform-provisioned": "true"
            },
            "encryption_configuration": [],
            "etag": "JanErOJtV4ildVWn/ss6SQ==",
            "expiration_time": 0,
            "external_catalog_table_options": [],
            "external_data_configuration": [
              {
                "autodetect": false,
                "avro_options": [],
                "bigtable_options": [],
                "compression": "NONE",
                "connection_id": "864119621453.us-central1.demo-agent-genai-telemetry-dev",
                "csv_options": [],
                "decimal_target_types": [],
                "file_set_spec_type": "",
                "google_sheets_options": [],
                "hive_partitioning_options": [],
                "ignore_unknown_values": true,
                "json_extension": "",
                "json_options": [],
                "max_bad_records": 1000,
                "metadata_cache_mode": "",
                "object_metadata": "",
                "parquet_options": [],
                "reference_file_schema_uri": "",
                "schema": "",
                "source_format": "NEWLINE_DELIMITED_JSON",
                "source_uris": [
                  "gs://sauter-poc-genai-demo-agent-logs/completions/*"
                ]
              }
            ],
            "friendly_name": "",
            "generated_schema_columns": "",
            "id": "projects/sauter-poc-genai/datasets/demo_agent_telemetry_dev/tables/completions",
            "ignore_auto_generated_schema": false,
            "ignore_schema_changes": null,
            "labels": {},
            "last_modified_time": 1789414244285,
            "location": "us-central1",
            "materialized_view": [],
            "max_staleness": "",
            "num_bytes": 0,
            "num_long_term_bytes": 0,
            "num_rows": 0,
            "project": "sauter-poc-genai",
            "range_partitioning": [],
            "require_partition_filter": false,
            "resource_tags": {},
            "schema": "[{\"fields\":[{\"mode\":\"NULLABLE\",\"name\":\"type\",\"type\":\"STRING\"},{\"mode\":\"NULLABLE\",\"name\":\"content\",\"type\":\"STRING\"},{\"mode\":\"NULLABLE\",\"name\":\"mime_type\",\"type\":\"STRING\"},{\"mode\":\"NULLABLE\",\"name\":\"uri\",\"type\":\"STRING\"},{\"mode\":\"NULLABLE\",\"name\":\"data\",\"type\":\"BYTES\"},{\"mode\":\"NULLABLE\",\"name\":\"id\",\"type\":\"STRING\"},{\"mode\":\"NULLABLE\",\"name\":\"name\",\"type\":\"STRING\"},{\"mode\":\"NULLABLE\",\"name\":\"arguments\",\"type\":\"JSON\"},{\"mode\":\"NULLABLE\",\"name\":\"response\",\"type\":\"JSON\"}],\"mode\":\"REPEATED\",\"name\":\"parts\",\"type\":\"RECORD\"},{\"mode\":\"NULLABLE\",\"name\":\"role\",\"type\":\"STRING\"},{\"mode\":\"NULLABLE\",\"name\":\"index\",\"type\":\"INTEGER\"}]",
            "schema_foreign_type_info": [],
            "self_link": "https://bigquery.googleapis.com/bigquery/v2/projects/sauter-poc-genai/datasets/demo_agent_telemetry_dev/tables/completions",
            "table_constraints": [],
            "table_id": "completions",
            "table_metadata_view": null,
            "table_replication_info": [],
            "terraform_labels": {
              "goog-terraform-provisioned": "true"
            },
            "time_partitioning": [],
            "type": "EXTERNAL",
            "view": []
          },
          "sensitive_attributes": [],
          "identity_schema_version": 0,
          "private": "bnVsbA==",
          "dependencies": [
            "google_bigquery_connection.genai_telemetry_connection",
            "google_bigquery_dataset.telemetry_dataset",
            "google_project_service.cicd_services",
            "google_project_service.deploy_project_services",
            "google_storage_bucket.logs_data_bucket",
            "google_storage_bucket_iam_member.telemetry_connection_access",
            "time_sleep.wait_for_bq_connection_sa"
          ]
        },
        {
          "index_key": "prod",
          "schema_version": 0,
          "attributes": {
            "biglake_configuration": [],
            "clustering": null,
            "creation_time": 1789414244075,
            "dataset_id": "demo_agent_telemetry_prod",
            "deletion_protection": false,
            "description": "",
            "effective_labels": {
              "goog-terraform-provisioned": "true"
            },
            "encryption_configuration": [],
            "etag": "TuJvg8b4H8eGG/2a2XLYng==",
            "expiration_time": 0,
            "external_catalog_table_options": [],
            "external_data_configuration": [
              {
                "autodetect": false,
                "avro_options": [],
                "bigtable_options": [],
                "compression": "NONE",
                "connection_id": "864119621453.us-central1.demo-agent-genai-telemetry-prod",
                "csv_options": [],
                "decimal_target_types": [],
                "file_set_spec_type": "",
                "google_sheets_options": [],
                "hive_partitioning_options": [],
                "ignore_unknown_values": true,
                "json_extension": "",
                "json_options": [],
                "max_bad_records": 1000,
                "metadata_cache_mode": "",
                "object_metadata": "",
                "parquet_options": [],
                "reference_file_schema_uri": "",
                "schema": "",
                "source_format": "NEWLINE_DELIMITED_JSON",
                "source_uris": [
                  "gs://sauter-poc-genai-demo-agent-logs/completions/*"
                ]
              }
            ],
            "friendly_name": "",
            "generated_schema_columns": "",
            "id": "projects/sauter-poc-genai/datasets/demo_agent_telemetry_prod/tables/completions",
            "ignore_auto_generated_schema": false,
            "ignore_schema_changes": null,
            "labels": {},
            "last_modified_time": 1789414244428,
            "location": "us-central1",
            "materialized_view": [],
            "max_staleness": "",
            "num_bytes": 0,
            "num_long_term_bytes": 0,
            "num_rows": 0,
            "project": "sauter-poc-genai",
            "range_partitioning": [],
            "require_partition_filter": false,
            "resource_tags": {},
            "schema": "[{\"fields\":[{\"mode\":\"NULLABLE\",\"name\":\"type\",\"type\":\"STRING\"},{\"mode\":\"NULLABLE\",\"name\":\"content\",\"type\":\"STRING\"},{\"mode\":\"NULLABLE\",\"name\":\"mime_type\",\"type\":\"STRING\"},{\"mode\":\"NULLABLE\",\"name\":\"uri\",\"type\":\"STRING\"},{\"mode\":\"NULLABLE\",\"name\":\"data\",\"type\":\"BYTES\"},{\"mode\":\"NULLABLE\",\"name\":\"id\",\"type\":\"STRING\"},{\"mode\":\"NULLABLE\",\"name\":\"name\",\"type\":\"STRING\"},{\"mode\":\"NULLABLE\",\"name\":\"arguments\",\"type\":\"JSON\"},{\"mode\":\"NULLABLE\",\"name\":\"response\",\"type\":\"JSON\"}],\"mode\":\"REPEATED\",\"name\":\"parts\",\"type\":\"RECORD\"},{\"mode\":\"NULLABLE\",\"name\":\"role\",\"type\":\"STRING\"},{\"mode\":\"NULLABLE\",\"name\":\"index\",\"type\":\"INTEGER\"}]",
            "schema_foreign_type_info": [],
            "self_link": "https://bigquery.googleapis.com/bigquery/v2/projects/sauter-poc-genai/datasets/demo_agent_telemetry_prod/tables/completions",
            "table_constraints": [],
            "table_id": "completions",
            "table_metadata_view": null,
            "table_replication_info": [],
            "terraform_labels": {
              "goog-terraform-provisioned": "true"
            },
            "time_partitioning": [],
            "type": "EXTERNAL",
            "view": []
          },
          "sensitive_attributes": [],
          "identity_schema_version": 0,
          "private": "bnVsbA==",
          "dependencies": [
            "google_bigquery_connection.genai_telemetry_connection",
            "google_bigquery_dataset.telemetry_dataset",
            "google_project_service.cicd_services",
            "google_project_service.deploy_project_services",
            "google_storage_bucket.logs_data_bucket",
            "google_storage_bucket_iam_member.telemetry_connection_access",
            "time_sleep.wait_for_bq_connection_sa"
          ]
        },
        {
          "index_key": "staging",
          "schema_version": 0,
          "attributes": {
            "biglake_configuration": [],
            "clustering": null,
            "creation_time": 1789414244261,
            "dataset_id": "demo_agent_telemetry_staging",
            "deletion_protection": false,
            "description": "",
            "effective_labels": {
              "goog-terraform-provisioned": "true"
            },
            "encryption_configuration": [],
            "etag": "gseqU7sI5qKhYvqJjspx9g==",
            "expiration_time": 0,
            "external_catalog_table_options": [],
            "external_data_configuration": [
              {
                "autodetect": false,
                "avro_options": [],
                "bigtable_options": [],
                "compression": "NONE",
                "connection_id": "864119621453.us-central1.demo-agent-genai-telemetry-staging",
                "csv_options": [],
                "decimal_target_types": [],
                "file_set_spec_type": "",
                "google_sheets_options": [],
                "hive_partitioning_options": [],
                "ignore_unknown_values": true,
                "json_extension": "",
                "json_options": [],
                "max_bad_records": 1000,
                "metadata_cache_mode": "",
                "object_metadata": "",
                "parquet_options": [],
                "reference_file_schema_uri": "",
                "schema": "",
                "source_format": "NEWLINE_DELIMITED_JSON",
                "source_uris": [
                  "gs://sauter-poc-genai-demo-agent-logs/completions/*"
                ]
              }
            ],
            "friendly_name": "",
            "generated_schema_columns": "",
            "id": "projects/sauter-poc-genai/datasets/demo_agent_telemetry_staging/tables/completions",
            "ignore_auto_generated_schema": false,
            "ignore_schema_changes": null,
            "labels": {},
            "last_modified_time": 1789414244505,
            "location": "us-central1",
            "materialized_view": [],
            "max_staleness": "",
            "num_bytes": 0,
            "num_long_term_bytes": 0,
            "num_rows": 0,
            "project": "sauter-poc-genai",
            "range_partitioning": [],
            "require_partition_filter": false,
            "resource_tags": {},
            "schema": "[{\"fields\":[{\"mode\":\"NULLABLE\",\"name\":\"type\",\"type\":\"STRING\"},{\"mode\":\"NULLABLE\",\"name\":\"content\",\"type\":\"STRING\"},{\"mode\":\"NULLABLE\",\"name\":\"mime_type\",\"type\":\"STRING\"},{\"mode\":\"NULLABLE\",\"name\":\"uri\",\"type\":\"STRING\"},{\"mode\":\"NULLABLE\",\"name\":\"data\",\"type\":\"BYTES\"},{\"mode\":\"NULLABLE\",\"name\":\"id\",\"type\":\"STRING\"},{\"mode\":\"NULLABLE\",\"name\":\"name\",\"type\":\"STRING\"},{\"mode\":\"NULLABLE\",\"name\":\"arguments\",\"type\":\"JSON\"},{\"mode\":\"NULLABLE\",\"name\":\"response\",\"type\":\"JSON\"}],\"mode\":\"REPEATED\",\"name\":\"parts\",\"type\":\"RECORD\"},{\"mode\":\"NULLABLE\",\"name\":\"role\",\"type\":\"STRING\"},{\"mode\":\"NULLABLE\",\"name\":\"index\",\"type\":\"INTEGER\"}]",
            "schema_foreign_type_info": [],
            "self_link": "https://bigquery.googleapis.com/bigquery/v2/projects/sauter-poc-genai/datasets/demo_agent_telemetry_staging/tables/completions",
            "table_constraints": [],
            "table_id": "completions",
            "table_metadata_view": null,
            "table_replication_info": [],
            "terraform_labels": {
              "goog-terraform-provisioned": "true"
            },
            "time_partitioning": [],
            "type": "EXTERNAL",
            "view": []
          },
          "sensitive_attributes": [],
          "identity_schema_version": 0,
          "private": "bnVsbA==",
          "dependencies": [
            "google_bigquery_connection.genai_telemetry_connection",
            "google_bigquery_dataset.telemetry_dataset",
            "google_project_service.cicd_services",
            "google_project_service.deploy_project_services",
            "google_storage_bucket.logs_data_bucket",
            "google_storage_bucket_iam_member.telemetry_connection_access",
            "time_sleep.wait_for_bq_connection_sa"
          ]
        }
      ]
    },
    {
      "mode": "managed",
      "type": "google_bigquery_table",
      "name": "completions_view",
      "provider": "provider[\"registry.terraform.io/hashicorp/google\"]",
      "instances": [
        {
          "index_key": "dev",
          "schema_version": 0,
          "attributes": {
            "biglake_configuration": [],
            "clustering": null,
            "creation_time": 1789414245205,
            "dataset_id": "demo_agent_telemetry_dev",
            "deletion_protection": false,
            "description": "View of GenAI completion logs joined with the GCS prompt/response external table",
            "effective_labels": {
              "goog-terraform-provisioned": "true"
            },
            "encryption_configuration": [],
            "etag": "rY2PivA8ceJmg1m7aKfBSw==",
            "expiration_time": 0,
            "external_catalog_table_options": [],
            "external_data_configuration": [],
            "friendly_name": "",
            "generated_schema_columns": "",
            "id": "projects/sauter-poc-genai/datasets/demo_agent_telemetry_dev/tables/completions_view",
            "ignore_auto_generated_schema": false,
            "ignore_schema_changes": null,
            "labels": {},
            "last_modified_time": 1789414245672,
            "location": "us-central1",
            "materialized_view": [],
            "max_staleness": "",
            "num_bytes": 0,
            "num_long_term_bytes": 0,
            "num_rows": 0,
            "project": "sauter-poc-genai",
            "range_partitioning": [],
            "require_partition_filter": false,
            "resource_tags": {},
            "schema": "[{\"mode\":\"NULLABLE\",\"name\":\"timestamp\",\"type\":\"TIMESTAMP\"},{\"mode\":\"NULLABLE\",\"name\":\"insert_id\",\"type\":\"STRING\"},{\"mode\":\"NULLABLE\",\"name\":\"trace\",\"type\":\"STRING\"},{\"mode\":\"NULLABLE\",\"name\":\"span_id\",\"type\":\"STRING\"},{\"mode\":\"NULLABLE\",\"name\":\"conversation_id\",\"type\":\"STRING\"},{\"mode\":\"NULLABLE\",\"name\":\"api_call_id\",\"type\":\"STRING\"},{\"mode\":\"NULLABLE\",\"name\":\"message_type\",\"type\":\"STRING\"},{\"mode\":\"NULLABLE\",\"name\":\"role\",\"type\":\"STRING\"},{\"mode\":\"NULLABLE\",\"name\":\"message_idx\",\"type\":\"INTEGER\"},{\"mode\":\"NULLABLE\",\"name\":\"part_idx\",\"type\":\"INTEGER\"},{\"mode\":\"NULLABLE\",\"name\":\"content\",\"type\":\"STRING\"},{\"mode\":\"NULLABLE\",\"name\":\"part_type\",\"type\":\"STRING\"},{\"mode\":\"NULLABLE\",\"name\":\"tool_name\",\"type\":\"STRING\"},{\"mode\":\"NULLABLE\",\"name\":\"tool_args\",\"type\":\"JSON\"},{\"mode\":\"NULLABLE\",\"name\":\"tool_response\",\"type\":\"JSON\"},{\"mode\":\"NULLABLE\",\"name\":\"usage_input_tokens\",\"type\":\"STRING\"},{\"mode\":\"NULLABLE\",\"name\":\"usage_output_tokens\",\"type\":\"STRING\"},{\"mode\":\"NULLABLE\",\"name\":\"agent_name\",\"type\":\"STRING\"},{\"mode\":\"NULLABLE\",\"name\":\"finish_reasons\",\"type\":\"STRING\"},{\"mode\":\"NULLABLE\",\"name\":\"uri\",\"type\":\"STRING\"},{\"mode\":\"NULLABLE\",\"name\":\"mime_type\",\"type\":\"STRING\"},{\"mode\":\"NULLABLE\",\"name\":\"data_md5_hex\",\"type\":\"STRING\"},{\"mode\":\"NULLABLE\",\"name\":\"messages_ref_uri\",\"type\":\"STRING\"}]",
            "schema_foreign_type_info": [],
            "self_link": "https://bigquery.googleapis.com/bigquery/v2/projects/sauter-poc-genai/datasets/demo_agent_telemetry_dev/tables/completions_view",
            "table_constraints": [],
            "table_id": "completions_view",
            "table_metadata_view": null,
            "table_replication_info": [],
            "terraform_labels": {
              "goog-terraform-provisioned": "true"
            },
            "time_partitioning": [],
            "type": "VIEW",
            "view": [
              {
                "query": "-- Copyright 2026 Google LLC\n--\n-- Licensed under the Apache License, Version 2.0 (the \"License\");\n-- you may not use this file except in compliance with the License.\n-- You may obtain a copy of the License at\n--\n--     https://www.apache.org/licenses/LICENSE-2.0\n--\n-- Unless required by applicable law or agreed to in writing, software\n-- distributed under the License is distributed on an \"AS IS\" BASIS,\n-- WITHOUT WARRANTIES OR CONDITIONS OF ANY KIND, either express or implied.\n-- See the License for the specific language governing permissions and\n-- limitations under the License.\n\n-- Optimized join of Cloud Logging BQ export data with GCS-stored prompt/response data.\n-- This query extracts both input and output messages referenced in logs.\n-- Note: Input files contain full conversation history, so messages may appear multiple times.\n--\n-- Log data is exported directly to BigQuery via log sinks.\n-- The GenAI log table (aiplatform_googleapis_com_reasoning_engine_stdout) is pre-created by Terraform and\n-- populated by Cloud Logging via the sink.\n-- Labels are flattened into individual columns (dots replaced with underscores).\n\n-- Extract message references from Cloud Logging BQ export (scan once, extract both input/output)\nWITH log_refs AS (\n  SELECT\n    insertId AS insert_id,\n    timestamp,\n    trace,\n    spanId AS span_id,\n    labels.gen_ai_conversation_id AS conversation_id,\n    labels.gen_ai_input_messages_ref AS input_ref,\n    labels.gen_ai_output_messages_ref AS output_ref,\n    labels.gen_ai_usage_input_tokens AS usage_input_tokens,\n    labels.gen_ai_usage_output_tokens AS usage_output_tokens,\n    labels.gen_ai_agent_name AS agent_name,\n    labels.gen_ai_response_finish_reasons AS finish_reasons\n  FROM `sauter-poc-genai.demo_agent_telemetry_dev.aiplatform_googleapis_com_reasoning_engine_stdout`\n  WHERE labels.gen_ai_input_messages_ref IS NOT NULL\n     OR labels.gen_ai_output_messages_ref IS NOT NULL\n),\n\n-- Unpivot to get one row per message reference\nunpivoted_refs AS (\n  SELECT\n    insert_id,\n    timestamp,\n    trace,\n    span_id,\n    conversation_id,\n    usage_input_tokens,\n    usage_output_tokens,\n    agent_name,\n    finish_reasons,\n    input_ref AS messages_ref_uri,\n    'input' AS message_type\n  FROM log_refs\n  WHERE input_ref IS NOT NULL\n\n  UNION ALL\n\n  SELECT\n    insert_id,\n    timestamp,\n    trace,\n    span_id,\n    conversation_id,\n    usage_input_tokens,\n    usage_output_tokens,\n    agent_name,\n    finish_reasons,\n    output_ref AS messages_ref_uri,\n    'output' AS message_type\n  FROM log_refs\n  WHERE output_ref IS NOT NULL\n),\n\n-- Join with completions external table and extract api_call_id once\njoined_data AS (\n  SELECT\n    lr.insert_id,\n    lr.timestamp,\n    lr.trace,\n    lr.span_id,\n    lr.conversation_id,\n    lr.usage_input_tokens,\n    lr.usage_output_tokens,\n    lr.agent_name,\n    lr.finish_reasons,\n    lr.messages_ref_uri,\n    lr.message_type,\n    SPLIT(REGEXP_EXTRACT(lr.messages_ref_uri, r'/([^/]+)\\.jsonl'), '_')[OFFSET(0)] AS api_call_id,\n    c.role,\n    c.parts,\n    c.index AS message_idx\n  FROM unpivoted_refs lr\n  JOIN `sauter-poc-genai.demo_agent_telemetry_dev.completions` c\n    ON lr.messages_ref_uri = c._FILE_NAME\n),\n\n-- Flatten the parts array\nflattened AS (\n  SELECT\n    insert_id,\n    timestamp,\n    trace,\n    span_id,\n    conversation_id,\n    usage_input_tokens,\n    usage_output_tokens,\n    agent_name,\n    finish_reasons,\n    messages_ref_uri,\n    message_type,\n    api_call_id,\n    role,\n    message_idx,\n    part_idx,\n    part.type AS part_type,\n    part.content,\n    part.uri,\n    part.mime_type,\n    TO_HEX(MD5(part.data)) AS data_md5_hex,\n    part.id AS tool_id,\n    part.name AS tool_name,\n    part.arguments AS tool_args,\n    part.response AS tool_response\n  FROM joined_data\n  CROSS JOIN UNNEST(parts) AS part WITH OFFSET AS part_idx\n),\n\n-- Stage 1: Deduplicate within a trace+span, keeping distinct spans\n-- (each LLM hop gets its own span_id).\ndedup_within_trace AS (\n  SELECT\n    *,\n    ROW_NUMBER() OVER (\n      PARTITION BY conversation_id, trace, span_id, message_type, role, message_idx, part_idx\n      ORDER BY timestamp DESC\n    ) AS row_num\n  FROM flattened\n),\n\n-- Stage 2: Deduplicate across traces within a conversation\n-- Input files contain full conversation history, so earlier messages repeat in later traces.\n-- For inputs: keep only the latest trace's copy of each message.\n-- For outputs: each trace has a unique response, so keep all.\ndedup_across_traces AS (\n  SELECT\n    *,\n    CASE\n      WHEN message_type = 'input' THEN ROW_NUMBER() OVER (\n        PARTITION BY conversation_id, message_type, role, message_idx, part_idx\n        ORDER BY timestamp ASC\n      )\n      ELSE 1\n    END AS cross_trace_row_num\n  FROM dedup_within_trace\n  WHERE row_num = 1\n)\n\nSELECT\n  -- Core identifiers and timestamps\n  timestamp,\n  insert_id,\n  trace,\n  span_id,\n  conversation_id,\n  api_call_id,\n\n  -- Message metadata\n  message_type,\n  role,\n  message_idx,\n  part_idx,\n\n  -- Message content\n  content,\n\n  -- Tool/function calling\n  part_type,\n  tool_name,\n  tool_args,\n  tool_response,\n\n  -- Usage metadata\n  usage_input_tokens,\n  usage_output_tokens,\n  agent_name,\n  finish_reasons,\n\n  -- Additional metadata\n  uri,\n  mime_type,\n  data_md5_hex,\n  messages_ref_uri\nFROM dedup_across_traces\nWHERE cross_trace_row_num = 1\n  -- Exclude assistant messages echoed back as input context (already captured as output)\n  AND NOT (message_type = 'input' AND role = 'assistant')\nORDER BY conversation_id ASC, timestamp ASC, message_type ASC, message_idx ASC, part_idx ASC\n",
                "use_legacy_sql": false
              }
            ]
          },
          "sensitive_attributes": [],
          "identity_schema_version": 0,
          "private": "bnVsbA==",
          "dependencies": [
            "google_bigquery_connection.genai_telemetry_connection",
            "google_bigquery_dataset.telemetry_dataset",
            "google_bigquery_table.completions_external_table",
            "google_bigquery_table.genai_logs_table",
            "google_logging_project_sink.genai_logs_to_bq",
            "google_project_service.cicd_services",
            "google_project_service.deploy_project_services",
            "google_storage_bucket.logs_data_bucket",
            "google_storage_bucket_iam_member.telemetry_connection_access",
            "time_sleep.wait_for_bq_connection_sa"
          ]
        },
        {
          "index_key": "prod",
          "schema_version": 0,
          "attributes": {
            "biglake_configuration": [],
            "clustering": null,
            "creation_time": 1789414245198,
            "dataset_id": "demo_agent_telemetry_prod",
            "deletion_protection": false,
            "description": "View of GenAI completion logs joined with the GCS prompt/response external table",
            "effective_labels": {
              "goog-terraform-provisioned": "true"
            },
            "encryption_configuration": [],
            "etag": "SdggV27kGB2Nm5n3HJOUyw==",
            "expiration_time": 0,
            "external_catalog_table_options": [],
            "external_data_configuration": [],
            "friendly_name": "",
            "generated_schema_columns": "",
            "id": "projects/sauter-poc-genai/datasets/demo_agent_telemetry_prod/tables/completions_view",
            "ignore_auto_generated_schema": false,
            "ignore_schema_changes": null,
            "labels": {},
            "last_modified_time": 1789414245647,
            "location": "us-central1",
            "materialized_view": [],
            "max_staleness": "",
            "num_bytes": 0,
            "num_long_term_bytes": 0,
            "num_rows": 0,
            "project": "sauter-poc-genai",
            "range_partitioning": [],
            "require_partition_filter": false,
            "resource_tags": {},
            "schema": "[{\"mode\":\"NULLABLE\",\"name\":\"timestamp\",\"type\":\"TIMESTAMP\"},{\"mode\":\"NULLABLE\",\"name\":\"insert_id\",\"type\":\"STRING\"},{\"mode\":\"NULLABLE\",\"name\":\"trace\",\"type\":\"STRING\"},{\"mode\":\"NULLABLE\",\"name\":\"span_id\",\"type\":\"STRING\"},{\"mode\":\"NULLABLE\",\"name\":\"conversation_id\",\"type\":\"STRING\"},{\"mode\":\"NULLABLE\",\"name\":\"api_call_id\",\"type\":\"STRING\"},{\"mode\":\"NULLABLE\",\"name\":\"message_type\",\"type\":\"STRING\"},{\"mode\":\"NULLABLE\",\"name\":\"role\",\"type\":\"STRING\"},{\"mode\":\"NULLABLE\",\"name\":\"message_idx\",\"type\":\"INTEGER\"},{\"mode\":\"NULLABLE\",\"name\":\"part_idx\",\"type\":\"INTEGER\"},{\"mode\":\"NULLABLE\",\"name\":\"content\",\"type\":\"STRING\"},{\"mode\":\"NULLABLE\",\"name\":\"part_type\",\"type\":\"STRING\"},{\"mode\":\"NULLABLE\",\"name\":\"tool_name\",\"type\":\"STRING\"},{\"mode\":\"NULLABLE\",\"name\":\"tool_args\",\"type\":\"JSON\"},{\"mode\":\"NULLABLE\",\"name\":\"tool_response\",\"type\":\"JSON\"},{\"mode\":\"NULLABLE\",\"name\":\"usage_input_tokens\",\"type\":\"STRING\"},{\"mode\":\"NULLABLE\",\"name\":\"usage_output_tokens\",\"type\":\"STRING\"},{\"mode\":\"NULLABLE\",\"name\":\"agent_name\",\"type\":\"STRING\"},{\"mode\":\"NULLABLE\",\"name\":\"finish_reasons\",\"type\":\"STRING\"},{\"mode\":\"NULLABLE\",\"name\":\"uri\",\"type\":\"STRING\"},{\"mode\":\"NULLABLE\",\"name\":\"mime_type\",\"type\":\"STRING\"},{\"mode\":\"NULLABLE\",\"name\":\"data_md5_hex\",\"type\":\"STRING\"},{\"mode\":\"NULLABLE\",\"name\":\"messages_ref_uri\",\"type\":\"STRING\"}]",
            "schema_foreign_type_info": [],
            "self_link": "https://bigquery.googleapis.com/bigquery/v2/projects/sauter-poc-genai/datasets/demo_agent_telemetry_prod/tables/completions_view",
            "table_constraints": [],
            "table_id": "completions_view",
            "table_metadata_view": null,
            "table_replication_info": [],
            "terraform_labels": {
              "goog-terraform-provisioned": "true"
            },
            "time_partitioning": [],
            "type": "VIEW",
            "view": [
              {
                "query": "-- Copyright 2026 Google LLC\n--\n-- Licensed under the Apache License, Version 2.0 (the \"License\");\n-- you may not use this file except in compliance with the License.\n-- You may obtain a copy of the License at\n--\n--     https://www.apache.org/licenses/LICENSE-2.0\n--\n-- Unless required by applicable law or agreed to in writing, software\n-- distributed under the License is distributed on an \"AS IS\" BASIS,\n-- WITHOUT WARRANTIES OR CONDITIONS OF ANY KIND, either express or implied.\n-- See the License for the specific language governing permissions and\n-- limitations under the License.\n\n-- Optimized join of Cloud Logging BQ export data with GCS-stored prompt/response data.\n-- This query extracts both input and output messages referenced in logs.\n-- Note: Input files contain full conversation history, so messages may appear multiple times.\n--\n-- Log data is exported directly to BigQuery via log sinks.\n-- The GenAI log table (aiplatform_googleapis_com_reasoning_engine_stdout) is pre-created by Terraform and\n-- populated by Cloud Logging via the sink.\n-- Labels are flattened into individual columns (dots replaced with underscores).\n\n-- Extract message references from Cloud Logging BQ export (scan once, extract both input/output)\nWITH log_refs AS (\n  SELECT\n    insertId AS insert_id,\n    timestamp,\n    trace,\n    spanId AS span_id,\n    labels.gen_ai_conversation_id AS conversation_id,\n    labels.gen_ai_input_messages_ref AS input_ref,\n    labels.gen_ai_output_messages_ref AS output_ref,\n    labels.gen_ai_usage_input_tokens AS usage_input_tokens,\n    labels.gen_ai_usage_output_tokens AS usage_output_tokens,\n    labels.gen_ai_agent_name AS agent_name,\n    labels.gen_ai_response_finish_reasons AS finish_reasons\n  FROM `sauter-poc-genai.demo_agent_telemetry_prod.aiplatform_googleapis_com_reasoning_engine_stdout`\n  WHERE labels.gen_ai_input_messages_ref IS NOT NULL\n     OR labels.gen_ai_output_messages_ref IS NOT NULL\n),\n\n-- Unpivot to get one row per message reference\nunpivoted_refs AS (\n  SELECT\n    insert_id,\n    timestamp,\n    trace,\n    span_id,\n    conversation_id,\n    usage_input_tokens,\n    usage_output_tokens,\n    agent_name,\n    finish_reasons,\n    input_ref AS messages_ref_uri,\n    'input' AS message_type\n  FROM log_refs\n  WHERE input_ref IS NOT NULL\n\n  UNION ALL\n\n  SELECT\n    insert_id,\n    timestamp,\n    trace,\n    span_id,\n    conversation_id,\n    usage_input_tokens,\n    usage_output_tokens,\n    agent_name,\n    finish_reasons,\n    output_ref AS messages_ref_uri,\n    'output' AS message_type\n  FROM log_refs\n  WHERE output_ref IS NOT NULL\n),\n\n-- Join with completions external table and extract api_call_id once\njoined_data AS (\n  SELECT\n    lr.insert_id,\n    lr.timestamp,\n    lr.trace,\n    lr.span_id,\n    lr.conversation_id,\n    lr.usage_input_tokens,\n    lr.usage_output_tokens,\n    lr.agent_name,\n    lr.finish_reasons,\n    lr.messages_ref_uri,\n    lr.message_type,\n    SPLIT(REGEXP_EXTRACT(lr.messages_ref_uri, r'/([^/]+)\\.jsonl'), '_')[OFFSET(0)] AS api_call_id,\n    c.role,\n    c.parts,\n    c.index AS message_idx\n  FROM unpivoted_refs lr\n  JOIN `sauter-poc-genai.demo_agent_telemetry_prod.completions` c\n    ON lr.messages_ref_uri = c._FILE_NAME\n),\n\n-- Flatten the parts array\nflattened AS (\n  SELECT\n    insert_id,\n    timestamp,\n    trace,\n    span_id,\n    conversation_id,\n    usage_input_tokens,\n    usage_output_tokens,\n    agent_name,\n    finish_reasons,\n    messages_ref_uri,\n    message_type,\n    api_call_id,\n    role,\n    message_idx,\n    part_idx,\n    part.type AS part_type,\n    part.content,\n    part.uri,\n    part.mime_type,\n    TO_HEX(MD5(part.data)) AS data_md5_hex,\n    part.id AS tool_id,\n    part.name AS tool_name,\n    part.arguments AS tool_args,\n    part.response AS tool_response\n  FROM joined_data\n  CROSS JOIN UNNEST(parts) AS part WITH OFFSET AS part_idx\n),\n\n-- Stage 1: Deduplicate within a trace+span, keeping distinct spans\n-- (each LLM hop gets its own span_id).\ndedup_within_trace AS (\n  SELECT\n    *,\n    ROW_NUMBER() OVER (\n      PARTITION BY conversation_id, trace, span_id, message_type, role, message_idx, part_idx\n      ORDER BY timestamp DESC\n    ) AS row_num\n  FROM flattened\n),\n\n-- Stage 2: Deduplicate across traces within a conversation\n-- Input files contain full conversation history, so earlier messages repeat in later traces.\n-- For inputs: keep only the latest trace's copy of each message.\n-- For outputs: each trace has a unique response, so keep all.\ndedup_across_traces AS (\n  SELECT\n    *,\n    CASE\n      WHEN message_type = 'input' THEN ROW_NUMBER() OVER (\n        PARTITION BY conversation_id, message_type, role, message_idx, part_idx\n        ORDER BY timestamp ASC\n      )\n      ELSE 1\n    END AS cross_trace_row_num\n  FROM dedup_within_trace\n  WHERE row_num = 1\n)\n\nSELECT\n  -- Core identifiers and timestamps\n  timestamp,\n  insert_id,\n  trace,\n  span_id,\n  conversation_id,\n  api_call_id,\n\n  -- Message metadata\n  message_type,\n  role,\n  message_idx,\n  part_idx,\n\n  -- Message content\n  content,\n\n  -- Tool/function calling\n  part_type,\n  tool_name,\n  tool_args,\n  tool_response,\n\n  -- Usage metadata\n  usage_input_tokens,\n  usage_output_tokens,\n  agent_name,\n  finish_reasons,\n\n  -- Additional metadata\n  uri,\n  mime_type,\n  data_md5_hex,\n  messages_ref_uri\nFROM dedup_across_traces\nWHERE cross_trace_row_num = 1\n  -- Exclude assistant messages echoed back as input context (already captured as output)\n  AND NOT (message_type = 'input' AND role = 'assistant')\nORDER BY conversation_id ASC, timestamp ASC, message_type ASC, message_idx ASC, part_idx ASC\n",
                "use_legacy_sql": false
              }
            ]
          },
          "sensitive_attributes": [],
          "identity_schema_version": 0,
          "private": "bnVsbA==",
          "dependencies": [
            "google_bigquery_connection.genai_telemetry_connection",
            "google_bigquery_dataset.telemetry_dataset",
            "google_bigquery_table.completions_external_table",
            "google_bigquery_table.genai_logs_table",
            "google_logging_project_sink.genai_logs_to_bq",
            "google_project_service.cicd_services",
            "google_project_service.deploy_project_services",
            "google_storage_bucket.logs_data_bucket",
            "google_storage_bucket_iam_member.telemetry_connection_access",
            "time_sleep.wait_for_bq_connection_sa"
          ]
        },
        {
          "index_key": "staging",
          "schema_version": 0,
          "attributes": {
            "biglake_configuration": [],
            "clustering": null,
            "creation_time": 1789414245218,
            "dataset_id": "demo_agent_telemetry_staging",
            "deletion_protection": false,
            "description": "View of GenAI completion logs joined with the GCS prompt/response external table",
            "effective_labels": {
              "goog-terraform-provisioned": "true"
            },
            "encryption_configuration": [],
            "etag": "fIZyYCHYCPQI0ayhJ4BVug==",
            "expiration_time": 0,
            "external_catalog_table_options": [],
            "external_data_configuration": [],
            "friendly_name": "",
            "generated_schema_columns": "",
            "id": "projects/sauter-poc-genai/datasets/demo_agent_telemetry_staging/tables/completions_view",
            "ignore_auto_generated_schema": false,
            "ignore_schema_changes": null,
            "labels": {},
            "last_modified_time": 1789414245688,
            "location": "us-central1",
            "materialized_view": [],
            "max_staleness": "",
            "num_bytes": 0,
            "num_long_term_bytes": 0,
            "num_rows": 0,
            "project": "sauter-poc-genai",
            "range_partitioning": [],
            "require_partition_filter": false,
            "resource_tags": {},
            "schema": "[{\"mode\":\"NULLABLE\",\"name\":\"timestamp\",\"type\":\"TIMESTAMP\"},{\"mode\":\"NULLABLE\",\"name\":\"insert_id\",\"type\":\"STRING\"},{\"mode\":\"NULLABLE\",\"name\":\"trace\",\"type\":\"STRING\"},{\"mode\":\"NULLABLE\",\"name\":\"span_id\",\"type\":\"STRING\"},{\"mode\":\"NULLABLE\",\"name\":\"conversation_id\",\"type\":\"STRING\"},{\"mode\":\"NULLABLE\",\"name\":\"api_call_id\",\"type\":\"STRING\"},{\"mode\":\"NULLABLE\",\"name\":\"message_type\",\"type\":\"STRING\"},{\"mode\":\"NULLABLE\",\"name\":\"role\",\"type\":\"STRING\"},{\"mode\":\"NULLABLE\",\"name\":\"message_idx\",\"type\":\"INTEGER\"},{\"mode\":\"NULLABLE\",\"name\":\"part_idx\",\"type\":\"INTEGER\"},{\"mode\":\"NULLABLE\",\"name\":\"content\",\"type\":\"STRING\"},{\"mode\":\"NULLABLE\",\"name\":\"part_type\",\"type\":\"STRING\"},{\"mode\":\"NULLABLE\",\"name\":\"tool_name\",\"type\":\"STRING\"},{\"mode\":\"NULLABLE\",\"name\":\"tool_args\",\"type\":\"JSON\"},{\"mode\":\"NULLABLE\",\"name\":\"tool_response\",\"type\":\"JSON\"},{\"mode\":\"NULLABLE\",\"name\":\"usage_input_tokens\",\"type\":\"STRING\"},{\"mode\":\"NULLABLE\",\"name\":\"usage_output_tokens\",\"type\":\"STRING\"},{\"mode\":\"NULLABLE\",\"name\":\"agent_name\",\"type\":\"STRING\"},{\"mode\":\"NULLABLE\",\"name\":\"finish_reasons\",\"type\":\"STRING\"},{\"mode\":\"NULLABLE\",\"name\":\"uri\",\"type\":\"STRING\"},{\"mode\":\"NULLABLE\",\"name\":\"mime_type\",\"type\":\"STRING\"},{\"mode\":\"NULLABLE\",\"name\":\"data_md5_hex\",\"type\":\"STRING\"},{\"mode\":\"NULLABLE\",\"name\":\"messages_ref_uri\",\"type\":\"STRING\"}]",
            "schema_foreign_type_info": [],
            "self_link": "https://bigquery.googleapis.com/bigquery/v2/projects/sauter-poc-genai/datasets/demo_agent_telemetry_staging/tables/completions_view",
            "table_constraints": [],
            "table_id": "completions_view",
            "table_metadata_view": null,
            "table_replication_info": [],
            "terraform_labels": {
              "goog-terraform-provisioned": "true"
            },
            "time_partitioning": [],
            "type": "VIEW",
            "view": [
              {
                "query": "-- Copyright 2026 Google LLC\n--\n-- Licensed under the Apache License, Version 2.0 (the \"License\");\n-- you may not use this file except in compliance with the License.\n-- You may obtain a copy of the License at\n--\n--     https://www.apache.org/licenses/LICENSE-2.0\n--\n-- Unless required by applicable law or agreed to in writing, software\n-- distributed under the License is distributed on an \"AS IS\" BASIS,\n-- WITHOUT WARRANTIES OR CONDITIONS OF ANY KIND, either express or implied.\n-- See the License for the specific language governing permissions and\n-- limitations under the License.\n\n-- Optimized join of Cloud Logging BQ export data with GCS-stored prompt/response data.\n-- This query extracts both input and output messages referenced in logs.\n-- Note: Input files contain full conversation history, so messages may appear multiple times.\n--\n-- Log data is exported directly to BigQuery via log sinks.\n-- The GenAI log table (aiplatform_googleapis_com_reasoning_engine_stdout) is pre-created by Terraform and\n-- populated by Cloud Logging via the sink.\n-- Labels are flattened into individual columns (dots replaced with underscores).\n\n-- Extract message references from Cloud Logging BQ export (scan once, extract both input/output)\nWITH log_refs AS (\n  SELECT\n    insertId AS insert_id,\n    timestamp,\n    trace,\n    spanId AS span_id,\n    labels.gen_ai_conversation_id AS conversation_id,\n    labels.gen_ai_input_messages_ref AS input_ref,\n    labels.gen_ai_output_messages_ref AS output_ref,\n    labels.gen_ai_usage_input_tokens AS usage_input_tokens,\n    labels.gen_ai_usage_output_tokens AS usage_output_tokens,\n    labels.gen_ai_agent_name AS agent_name,\n    labels.gen_ai_response_finish_reasons AS finish_reasons\n  FROM `sauter-poc-genai.demo_agent_telemetry_staging.aiplatform_googleapis_com_reasoning_engine_stdout`\n  WHERE labels.gen_ai_input_messages_ref IS NOT NULL\n     OR labels.gen_ai_output_messages_ref IS NOT NULL\n),\n\n-- Unpivot to get one row per message reference\nunpivoted_refs AS (\n  SELECT\n    insert_id,\n    timestamp,\n    trace,\n    span_id,\n    conversation_id,\n    usage_input_tokens,\n    usage_output_tokens,\n    agent_name,\n    finish_reasons,\n    input_ref AS messages_ref_uri,\n    'input' AS message_type\n  FROM log_refs\n  WHERE input_ref IS NOT NULL\n\n  UNION ALL\n\n  SELECT\n    insert_id,\n    timestamp,\n    trace,\n    span_id,\n    conversation_id,\n    usage_input_tokens,\n    usage_output_tokens,\n    agent_name,\n    finish_reasons,\n    output_ref AS messages_ref_uri,\n    'output' AS message_type\n  FROM log_refs\n  WHERE output_ref IS NOT NULL\n),\n\n-- Join with completions external table and extract api_call_id once\njoined_data AS (\n  SELECT\n    lr.insert_id,\n    lr.timestamp,\n    lr.trace,\n    lr.span_id,\n    lr.conversation_id,\n    lr.usage_input_tokens,\n    lr.usage_output_tokens,\n    lr.agent_name,\n    lr.finish_reasons,\n    lr.messages_ref_uri,\n    lr.message_type,\n    SPLIT(REGEXP_EXTRACT(lr.messages_ref_uri, r'/([^/]+)\\.jsonl'), '_')[OFFSET(0)] AS api_call_id,\n    c.role,\n    c.parts,\n    c.index AS message_idx\n  FROM unpivoted_refs lr\n  JOIN `sauter-poc-genai.demo_agent_telemetry_staging.completions` c\n    ON lr.messages_ref_uri = c._FILE_NAME\n),\n\n-- Flatten the parts array\nflattened AS (\n  SELECT\n    insert_id,\n    timestamp,\n    trace,\n    span_id,\n    conversation_id,\n    usage_input_tokens,\n    usage_output_tokens,\n    agent_name,\n    finish_reasons,\n    messages_ref_uri,\n    message_type,\n    api_call_id,\n    role,\n    message_idx,\n    part_idx,\n    part.type AS part_type,\n    part.content,\n    part.uri,\n    part.mime_type,\n    TO_HEX(MD5(part.data)) AS data_md5_hex,\n    part.id AS tool_id,\n    part.name AS tool_name,\n    part.arguments AS tool_args,\n    part.response AS tool_response\n  FROM joined_data\n  CROSS JOIN UNNEST(parts) AS part WITH OFFSET AS part_idx\n),\n\n-- Stage 1: Deduplicate within a trace+span, keeping distinct spans\n-- (each LLM hop gets its own span_id).\ndedup_within_trace AS (\n  SELECT\n    *,\n    ROW_NUMBER() OVER (\n      PARTITION BY conversation_id, trace, span_id, message_type, role, message_idx, part_idx\n      ORDER BY timestamp DESC\n    ) AS row_num\n  FROM flattened\n),\n\n-- Stage 2: Deduplicate across traces within a conversation\n-- Input files contain full conversation history, so earlier messages repeat in later traces.\n-- For inputs: keep only the latest trace's copy of each message.\n-- For outputs: each trace has a unique response, so keep all.\ndedup_across_traces AS (\n  SELECT\n    *,\n    CASE\n      WHEN message_type = 'input' THEN ROW_NUMBER() OVER (\n        PARTITION BY conversation_id, message_type, role, message_idx, part_idx\n        ORDER BY timestamp ASC\n      )\n      ELSE 1\n    END AS cross_trace_row_num\n  FROM dedup_within_trace\n  WHERE row_num = 1\n)\n\nSELECT\n  -- Core identifiers and timestamps\n  timestamp,\n  insert_id,\n  trace,\n  span_id,\n  conversation_id,\n  api_call_id,\n\n  -- Message metadata\n  message_type,\n  role,\n  message_idx,\n  part_idx,\n\n  -- Message content\n  content,\n\n  -- Tool/function calling\n  part_type,\n  tool_name,\n  tool_args,\n  tool_response,\n\n  -- Usage metadata\n  usage_input_tokens,\n  usage_output_tokens,\n  agent_name,\n  finish_reasons,\n\n  -- Additional metadata\n  uri,\n  mime_type,\n  data_md5_hex,\n  messages_ref_uri\nFROM dedup_across_traces\nWHERE cross_trace_row_num = 1\n  -- Exclude assistant messages echoed back as input context (already captured as output)\n  AND NOT (message_type = 'input' AND role = 'assistant')\nORDER BY conversation_id ASC, timestamp ASC, message_type ASC, message_idx ASC, part_idx ASC\n",
                "use_legacy_sql": false
              }
            ]
          },
          "sensitive_attributes": [],
          "identity_schema_version": 0,
          "private": "bnVsbA==",
          "dependencies": [
            "google_bigquery_connection.genai_telemetry_connection",
            "google_bigquery_dataset.telemetry_dataset",
            "google_bigquery_table.completions_external_table",
            "google_bigquery_table.genai_logs_table",
            "google_logging_project_sink.genai_logs_to_bq",
            "google_project_service.cicd_services",
            "google_project_service.deploy_project_services",
            "google_storage_bucket.logs_data_bucket",
            "google_storage_bucket_iam_member.telemetry_connection_access",
            "time_sleep.wait_for_bq_connection_sa"
          ]
        }
      ]
    },
    {
      "mode": "managed",
      "type": "google_bigquery_table",
      "name": "genai_logs_table",
      "provider": "provider[\"registry.terraform.io/hashicorp/google\"]",
      "instances": [
        {
          "index_key": "dev",
          "schema_version": 0,
          "attributes": {
            "biglake_configuration": [],
            "clustering": null,
            "creation_time": 1790362225987,
            "dataset_id": "demo_agent_telemetry_dev",
            "deletion_protection": false,
            "description": "GenAI inference logs exported directly from Cloud Logging",
            "effective_labels": {
              "goog-terraform-provisioned": "true"
            },
            "encryption_configuration": [],
            "etag": "GA5xsUBaSkuShsahljMIEw==",
            "expiration_time": 0,
            "external_catalog_table_options": [],
            "external_data_configuration": [],
            "friendly_name": "",
            "generated_schema_columns": "",
            "id": "projects/sauter-poc-genai/datasets/demo_agent_telemetry_dev/tables/aiplatform_googleapis_com_reasoning_engine_stdout",
            "ignore_auto_generated_schema": false,
            "ignore_schema_changes": null,
            "labels": null,
            "last_modified_time": 1790362226072,
            "location": "us-central1",
            "materialized_view": [],
            "max_staleness": "",
            "num_bytes": 0,
            "num_long_term_bytes": 0,
            "num_rows": 0,
            "project": "sauter-poc-genai",
            "range_partitioning": [],
            "require_partition_filter": false,
            "resource_tags": null,
            "schema": "[{\"mode\":\"NULLABLE\",\"name\":\"logName\",\"type\":\"STRING\"},{\"mode\":\"NULLABLE\",\"name\":\"textPayload\",\"type\":\"STRING\"},{\"mode\":\"NULLABLE\",\"name\":\"timestamp\",\"type\":\"TIMESTAMP\"},{\"mode\":\"NULLABLE\",\"name\":\"receiveTimestamp\",\"type\":\"TIMESTAMP\"},{\"mode\":\"NULLABLE\",\"name\":\"severity\",\"type\":\"STRING\"},{\"mode\":\"NULLABLE\",\"name\":\"insertId\",\"type\":\"STRING\"},{\"mode\":\"NULLABLE\",\"name\":\"trace\",\"type\":\"STRING\"},{\"mode\":\"NULLABLE\",\"name\":\"spanId\",\"type\":\"STRING\"},{\"mode\":\"NULLABLE\",\"name\":\"traceSampled\",\"type\":\"BOOLEAN\"},{\"fields\":[{\"mode\":\"NULLABLE\",\"name\":\"type\",\"type\":\"STRING\"},{\"fields\":[{\"mode\":\"NULLABLE\",\"name\":\"project_id\",\"type\":\"STRING\"},{\"mode\":\"NULLABLE\",\"name\":\"location\",\"type\":\"STRING\"}],\"mode\":\"NULLABLE\",\"name\":\"labels\",\"type\":\"RECORD\"}],\"mode\":\"NULLABLE\",\"name\":\"resource\",\"type\":\"RECORD\"},{\"fields\":[{\"mode\":\"NULLABLE\",\"name\":\"gen_ai_conversation_id\",\"type\":\"STRING\"},{\"mode\":\"NULLABLE\",\"name\":\"gen_ai_agent_name\",\"type\":\"STRING\"},{\"mode\":\"NULLABLE\",\"name\":\"gen_ai_input_messages_ref\",\"type\":\"STRING\"},{\"mode\":\"NULLABLE\",\"name\":\"gen_ai_output_messages_ref\",\"type\":\"STRING\"},{\"mode\":\"NULLABLE\",\"name\":\"gen_ai_system_instructions_ref\",\"type\":\"STRING\"},{\"mode\":\"NULLABLE\",\"name\":\"gen_ai_usage_input_tokens\",\"type\":\"STRING\"},{\"mode\":\"NULLABLE\",\"name\":\"gen_ai_usage_output_tokens\",\"type\":\"STRING\"},{\"mode\":\"NULLABLE\",\"name\":\"gen_ai_response_finish_reasons\",\"type\":\"STRING\"},{\"mode\":\"NULLABLE\",\"name\":\"gen_ai_tool_definitions\",\"type\":\"STRING\"},{\"mode\":\"NULLABLE\",\"name\":\"gen_ai_tool_definitions_ref\",\"type\":\"STRING\"},{\"mode\":\"NULLABLE\",\"name\":\"gcp_vertex_agent_invocation_id\",\"type\":\"STRING\"},{\"mode\":\"NULLABLE\",\"name\":\"gcp_vertex_agent_event_id\",\"type\":\"STRING\"},{\"mode\":\"NULLABLE\",\"name\":\"event_name\",\"type\":\"STRING\"}],\"mode\":\"NULLABLE\",\"name\":\"labels\",\"type\":\"RECORD\"}]",
            "schema_foreign_type_info": [],
            "self_link": "https://bigquery.googleapis.com/bigquery/v2/projects/sauter-poc-genai/datasets/demo_agent_telemetry_dev/tables/aiplatform_googleapis_com_reasoning_engine_stdout",
            "table_constraints": [],
            "table_id": "aiplatform_googleapis_com_reasoning_engine_stdout",
            "table_metadata_view": null,
            "table_replication_info": [],
            "terraform_labels": {
              "goog-terraform-provisioned": "true"
            },
            "time_partitioning": [
              {
                "expiration_ms": 0,
                "field": "timestamp",
                "require_partition_filter": false,
                "type": "DAY"
              }
            ],
            "type": "TABLE",
            "view": []
          },
          "sensitive_attributes": [],
          "identity_schema_version": 0,
          "private": "bnVsbA==",
          "dependencies": [
            "google_bigquery_dataset.telemetry_dataset",
            "google_project_service.cicd_services",
            "google_project_service.deploy_project_services"
          ]
        },
        {
          "index_key": "prod",
          "schema_version": 0,
          "attributes": {
            "biglake_configuration": [],
            "clustering": null,
            "creation_time": 1790362226001,
            "dataset_id": "demo_agent_telemetry_prod",
            "deletion_protection": false,
            "description": "GenAI inference logs exported directly from Cloud Logging",
            "effective_labels": {
              "goog-terraform-provisioned": "true"
            },
            "encryption_configuration": [],
            "etag": "k4mlvUTlP1l2zKnP6h+0aA==",
            "expiration_time": 0,
            "external_catalog_table_options": [],
            "external_data_configuration": [],
            "friendly_name": "",
            "generated_schema_columns": "",
            "id": "projects/sauter-poc-genai/datasets/demo_agent_telemetry_prod/tables/aiplatform_googleapis_com_reasoning_engine_stdout",
            "ignore_auto_generated_schema": false,
            "ignore_schema_changes": null,
            "labels": null,
            "last_modified_time": 1790362226073,
            "location": "us-central1",
            "materialized_view": [],
            "max_staleness": "",
            "num_bytes": 0,
            "num_long_term_bytes": 0,
            "num_rows": 0,
            "project": "sauter-poc-genai",
            "range_partitioning": [],
            "require_partition_filter": false,
            "resource_tags": null,
            "schema": "[{\"mode\":\"NULLABLE\",\"name\":\"logName\",\"type\":\"STRING\"},{\"mode\":\"NULLABLE\",\"name\":\"textPayload\",\"type\":\"STRING\"},{\"mode\":\"NULLABLE\",\"name\":\"timestamp\",\"type\":\"TIMESTAMP\"},{\"mode\":\"NULLABLE\",\"name\":\"receiveTimestamp\",\"type\":\"TIMESTAMP\"},{\"mode\":\"NULLABLE\",\"name\":\"severity\",\"type\":\"STRING\"},{\"mode\":\"NULLABLE\",\"name\":\"insertId\",\"type\":\"STRING\"},{\"mode\":\"NULLABLE\",\"name\":\"trace\",\"type\":\"STRING\"},{\"mode\":\"NULLABLE\",\"name\":\"spanId\",\"type\":\"STRING\"},{\"mode\":\"NULLABLE\",\"name\":\"traceSampled\",\"type\":\"BOOLEAN\"},{\"fields\":[{\"mode\":\"NULLABLE\",\"name\":\"type\",\"type\":\"STRING\"},{\"fields\":[{\"mode\":\"NULLABLE\",\"name\":\"project_id\",\"type\":\"STRING\"},{\"mode\":\"NULLABLE\",\"name\":\"location\",\"type\":\"STRING\"}],\"mode\":\"NULLABLE\",\"name\":\"labels\",\"type\":\"RECORD\"}],\"mode\":\"NULLABLE\",\"name\":\"resource\",\"type\":\"RECORD\"},{\"fields\":[{\"mode\":\"NULLABLE\",\"name\":\"gen_ai_conversation_id\",\"type\":\"STRING\"},{\"mode\":\"NULLABLE\",\"name\":\"gen_ai_agent_name\",\"type\":\"STRING\"},{\"mode\":\"NULLABLE\",\"name\":\"gen_ai_input_messages_ref\",\"type\":\"STRING\"},{\"mode\":\"NULLABLE\",\"name\":\"gen_ai_output_messages_ref\",\"type\":\"STRING\"},{\"mode\":\"NULLABLE\",\"name\":\"gen_ai_system_instructions_ref\",\"type\":\"STRING\"},{\"mode\":\"NULLABLE\",\"name\":\"gen_ai_usage_input_tokens\",\"type\":\"STRING\"},{\"mode\":\"NULLABLE\",\"name\":\"gen_ai_usage_output_tokens\",\"type\":\"STRING\"},{\"mode\":\"NULLABLE\",\"name\":\"gen_ai_response_finish_reasons\",\"type\":\"STRING\"},{\"mode\":\"NULLABLE\",\"name\":\"gen_ai_tool_definitions\",\"type\":\"STRING\"},{\"mode\":\"NULLABLE\",\"name\":\"gen_ai_tool_definitions_ref\",\"type\":\"STRING\"},{\"mode\":\"NULLABLE\",\"name\":\"gcp_vertex_agent_invocation_id\",\"type\":\"STRING\"},{\"mode\":\"NULLABLE\",\"name\":\"gcp_vertex_agent_event_id\",\"type\":\"STRING\"},{\"mode\":\"NULLABLE\",\"name\":\"event_name\",\"type\":\"STRING\"}],\"mode\":\"NULLABLE\",\"name\":\"labels\",\"type\":\"RECORD\"}]",
            "schema_foreign_type_info": [],
            "self_link": "https://bigquery.googleapis.com/bigquery/v2/projects/sauter-poc-genai/datasets/demo_agent_telemetry_prod/tables/aiplatform_googleapis_com_reasoning_engine_stdout",
            "table_constraints": [],
            "table_id": "aiplatform_googleapis_com_reasoning_engine_stdout",
            "table_metadata_view": null,
            "table_replication_info": [],
            "terraform_labels": {
              "goog-terraform-provisioned": "true"
            },
            "time_partitioning": [
              {
                "expiration_ms": 0,
                "field": "timestamp",
                "require_partition_filter": false,
                "type": "DAY"
              }
            ],
            "type": "TABLE",
            "view": []
          },
          "sensitive_attributes": [],
          "identity_schema_version": 0,
          "private": "bnVsbA==",
          "dependencies": [
            "google_bigquery_dataset.telemetry_dataset",
            "google_project_service.cicd_services",
            "google_project_service.deploy_project_services"
          ]
        },
        {
          "index_key": "staging",
          "schema_version": 0,
          "attributes": {
            "biglake_configuration": [],
            "clustering": null,
            "creation_time": 1790362226002,
            "dataset_id": "demo_agent_telemetry_staging",
            "deletion_protection": false,
            "description": "GenAI inference logs exported directly from Cloud Logging",
            "effective_labels": {
              "goog-terraform-provisioned": "true"
            },
            "encryption_configuration": [],
            "etag": "h6Rf6sbC+MF5Az4nyisnhA==",
            "expiration_time": 0,
            "external_catalog_table_options": [],
            "external_data_configuration": [],
            "friendly_name": "",
            "generated_schema_columns": "",
            "id": "projects/sauter-poc-genai/datasets/demo_agent_telemetry_staging/tables/aiplatform_googleapis_com_reasoning_engine_stdout",
            "ignore_auto_generated_schema": false,
            "ignore_schema_changes": null,
            "labels": null,
            "last_modified_time": 1790362226086,
            "location": "us-central1",
            "materialized_view": [],
            "max_staleness": "",
            "num_bytes": 0,
            "num_long_term_bytes": 0,
            "num_rows": 0,
            "project": "sauter-poc-genai",
            "range_partitioning": [],
            "require_partition_filter": false,
            "resource_tags": null,
            "schema": "[{\"mode\":\"NULLABLE\",\"name\":\"logName\",\"type\":\"STRING\"},{\"mode\":\"NULLABLE\",\"name\":\"textPayload\",\"type\":\"STRING\"},{\"mode\":\"NULLABLE\",\"name\":\"timestamp\",\"type\":\"TIMESTAMP\"},{\"mode\":\"NULLABLE\",\"name\":\"receiveTimestamp\",\"type\":\"TIMESTAMP\"},{\"mode\":\"NULLABLE\",\"name\":\"severity\",\"type\":\"STRING\"},{\"mode\":\"NULLABLE\",\"name\":\"insertId\",\"type\":\"STRING\"},{\"mode\":\"NULLABLE\",\"name\":\"trace\",\"type\":\"STRING\"},{\"mode\":\"NULLABLE\",\"name\":\"spanId\",\"type\":\"STRING\"},{\"mode\":\"NULLABLE\",\"name\":\"traceSampled\",\"type\":\"BOOLEAN\"},{\"fields\":[{\"mode\":\"NULLABLE\",\"name\":\"type\",\"type\":\"STRING\"},{\"fields\":[{\"mode\":\"NULLABLE\",\"name\":\"project_id\",\"type\":\"STRING\"},{\"mode\":\"NULLABLE\",\"name\":\"location\",\"type\":\"STRING\"}],\"mode\":\"NULLABLE\",\"name\":\"labels\",\"type\":\"RECORD\"}],\"mode\":\"NULLABLE\",\"name\":\"resource\",\"type\":\"RECORD\"},{\"fields\":[{\"mode\":\"NULLABLE\",\"name\":\"gen_ai_conversation_id\",\"type\":\"STRING\"},{\"mode\":\"NULLABLE\",\"name\":\"gen_ai_agent_name\",\"type\":\"STRING\"},{\"mode\":\"NULLABLE\",\"name\":\"gen_ai_input_messages_ref\",\"type\":\"STRING\"},{\"mode\":\"NULLABLE\",\"name\":\"gen_ai_output_messages_ref\",\"type\":\"STRING\"},{\"mode\":\"NULLABLE\",\"name\":\"gen_ai_system_instructions_ref\",\"type\":\"STRING\"},{\"mode\":\"NULLABLE\",\"name\":\"gen_ai_usage_input_tokens\",\"type\":\"STRING\"},{\"mode\":\"NULLABLE\",\"name\":\"gen_ai_usage_output_tokens\",\"type\":\"STRING\"},{\"mode\":\"NULLABLE\",\"name\":\"gen_ai_response_finish_reasons\",\"type\":\"STRING\"},{\"mode\":\"NULLABLE\",\"name\":\"gen_ai_tool_definitions\",\"type\":\"STRING\"},{\"mode\":\"NULLABLE\",\"name\":\"gen_ai_tool_definitions_ref\",\"type\":\"STRING\"},{\"mode\":\"NULLABLE\",\"name\":\"gcp_vertex_agent_invocation_id\",\"type\":\"STRING\"},{\"mode\":\"NULLABLE\",\"name\":\"gcp_vertex_agent_event_id\",\"type\":\"STRING\"},{\"mode\":\"NULLABLE\",\"name\":\"event_name\",\"type\":\"STRING\"}],\"mode\":\"NULLABLE\",\"name\":\"labels\",\"type\":\"RECORD\"}]",
            "schema_foreign_type_info": [],
            "self_link": "https://bigquery.googleapis.com/bigquery/v2/projects/sauter-poc-genai/datasets/demo_agent_telemetry_staging/tables/aiplatform_googleapis_com_reasoning_engine_stdout",
            "table_constraints": [],
            "table_id": "aiplatform_googleapis_com_reasoning_engine_stdout",
            "table_metadata_view": null,
            "table_replication_info": [],
            "terraform_labels": {
              "goog-terraform-provisioned": "true"
            },
            "time_partitioning": [
              {
                "expiration_ms": 0,
                "field": "timestamp",
                "require_partition_filter": false,
                "type": "DAY"
              }
            ],
            "type": "TABLE",
            "view": []
          },
          "sensitive_attributes": [],
          "identity_schema_version": 0,
          "private": "bnVsbA==",
          "dependencies": [
            "google_bigquery_dataset.telemetry_dataset",
            "google_project_service.cicd_services",
            "google_project_service.deploy_project_services"
          ]
        }
      ]
    },
    {
      "mode": "managed",
      "type": "google_cloudbuild_trigger",
      "name": "cd_pipeline",
      "provider": "provider[\"registry.terraform.io/hashicorp/google\"]",
      "instances": [
        {
          "schema_version": 2,
          "attributes": {
            "approval_config": [
              {
                "approval_required": false
              }
            ],
            "bitbucket_server_trigger_config": [],
            "build": [],
            "create_time": "2026-09-14T19:40:11.966682179Z",
            "description": "Trigger for CD pipeline",
            "developer_connect_event_config": [],
            "disabled": false,
            "filename": ".cloudbuild/staging.yaml",
            "filter": "",
            "git_file_source": [],
            "github": [
              {
                "enterprise_config_resource_name": "",
                "name": "cescon-demo",
                "owner": "sauterdigital",
                "pull_request": [],
                "push": [
                  {
                    "branch": "^main$",
                    "invert_regex": false,
                    "tag": ""
                  }
                ]
              }
            ],
            "id": "projects/sauter-poc-genai/locations/us-central1/triggers/1686338d-5e69-43d3-8a67-a544322eb930",
            "ignored_files": [],
            "include_build_logs": "INCLUDE_BUILD_LOGS_WITH_STATUS",
            "included_files": [
              "app/**",
              "tests/**",
              "deployment/**",
              ".cloudbuild/**",
              "uv.lock"
            ],
            "location": "us-central1",
            "name": "cd-demo-agent",
            "project": "sauter-poc-genai",
            "pubsub_config": [],
            "repository_event_config": [],
            "service_account": "projects/sauter-poc-genai/serviceAccounts/demo-agent-cb@sauter-poc-genai.iam.gserviceaccount.com",
            "source_to_build": [],
            "substitutions": {
              "_APP_SERVICE_ACCOUNT_STAGING": "demo-agent-app-staging@sauter-poc-genai.iam.gserviceaccount.com",
              "_LOGS_BUCKET_NAME_STAGING": "sauter-poc-genai-demo-agent-logs",
              "_REGION": "us-central1",
              "_STAGING_PROJECT_ID": "sauter-poc-genai"
            },
            "tags": [],
            "timeouts": null,
            "trigger_id": "1686338d-5e69-43d3-8a67-a544322eb930",
            "trigger_template": [],
            "webhook_config": []
          },
          "sensitive_attributes": [],
          "identity_schema_version": 1,
          "identity": {
            "location": "us-central1",
            "project": "sauter-poc-genai",
            "trigger_id": "1686338d-5e69-43d3-8a67-a544322eb930"
          },
          "private": "eyJlMmJmYjczMC1lY2FhLTExZTYtOGY4OC0zNDM2M2JjN2M0YzAiOnsiY3JlYXRlIjoxMjAwMDAwMDAwMDAwLCJkZWxldGUiOjEyMDAwMDAwMDAwMDAsInVwZGF0ZSI6MTIwMDAwMDAwMDAwMH0sInNjaGVtYV92ZXJzaW9uIjoiMiJ9",
          "dependencies": [
            "google_project_service.cicd_services",
            "google_project_service.deploy_project_services",
            "google_service_account.app_sa",
            "google_service_account.cicd_runner_sa",
            "google_storage_bucket.logs_data_bucket"
          ]
        }
      ]
    },
    {
      "mode": "managed",
      "type": "google_cloudbuild_trigger",
      "name": "deploy_to_prod_pipeline",
      "provider": "provider[\"registry.terraform.io/hashicorp/google\"]",
      "instances": [
        {
          "schema_version": 2,
          "attributes": {
            "approval_config": [
              {
                "approval_required": true
              }
            ],
            "bitbucket_server_trigger_config": [],
            "build": [],
            "create_time": "2026-09-14T19:40:12.133299919Z",
            "description": "Trigger for deployment to production",
            "developer_connect_event_config": [],
            "disabled": false,
            "filename": ".cloudbuild/deploy-to-prod.yaml",
            "filter": "",
            "git_file_source": [],
            "github": [
              {
                "enterprise_config_resource_name": "",
                "name": "cescon-demo",
                "owner": "sauterdigital",
                "pull_request": [],
                "push": [
                  {
                    "branch": "^__manual-prod-deploy-only__$",
                    "invert_regex": false,
                    "tag": ""
                  }
                ]
              }
            ],
            "id": "projects/sauter-poc-genai/locations/us-central1/triggers/0195286c-6f6d-4152-9c2e-7073b4aa1628",
            "ignored_files": [],
            "include_build_logs": "",
            "included_files": [],
            "location": "us-central1",
            "name": "deploy-demo-agent",
            "project": "sauter-poc-genai",
            "pubsub_config": [],
            "repository_event_config": [],
            "service_account": "projects/sauter-poc-genai/serviceAccounts/demo-agent-cb@sauter-poc-genai.iam.gserviceaccount.com",
            "source_to_build": [],
            "substitutions": {
              "_APP_SERVICE_ACCOUNT_PROD": "demo-agent-app-prod@sauter-poc-genai.iam.gserviceaccount.com",
              "_LOGS_BUCKET_NAME_PROD": "sauter-poc-genai-demo-agent-logs",
              "_PROD_PROJECT_ID": "sauter-poc-genai",
              "_REGION": "us-central1"
            },
            "tags": [],
            "timeouts": null,
            "trigger_id": "0195286c-6f6d-4152-9c2e-7073b4aa1628",
            "trigger_template": [],
            "webhook_config": []
          },
          "sensitive_attributes": [],
          "identity_schema_version": 1,
          "identity": {
            "location": "us-central1",
            "project": "sauter-poc-genai",
            "trigger_id": "0195286c-6f6d-4152-9c2e-7073b4aa1628"
          },
          "private": "eyJlMmJmYjczMC1lY2FhLTExZTYtOGY4OC0zNDM2M2JjN2M0YzAiOnsiY3JlYXRlIjoxMjAwMDAwMDAwMDAwLCJkZWxldGUiOjEyMDAwMDAwMDAwMDAsInVwZGF0ZSI6MTIwMDAwMDAwMDAwMH0sInNjaGVtYV92ZXJzaW9uIjoiMiJ9",
          "dependencies": [
            "google_project_service.cicd_services",
            "google_project_service.deploy_project_services",
            "google_service_account.app_sa",
            "google_service_account.cicd_runner_sa",
            "google_storage_bucket.logs_data_bucket"
          ]
        }
      ]
    },
    {
      "mode": "managed",
      "type": "google_cloudbuild_trigger",
      "name": "dev_pipeline",
      "provider": "provider[\"registry.terraform.io/hashicorp/google\"]",
      "instances": [
        {
          "schema_version": 2,
          "attributes": {
            "approval_config": [
              {
                "approval_required": false
              }
            ],
            "bitbucket_server_trigger_config": [],
            "build": [],
            "create_time": "2026-09-14T19:40:11.975016532Z",
            "description": "Trigger for dev pipeline",
            "developer_connect_event_config": [],
            "disabled": false,
            "filename": ".cloudbuild/dev.yaml",
            "filter": "",
            "git_file_source": [],
            "github": [
              {
                "enterprise_config_resource_name": "",
                "name": "cescon-demo",
                "owner": "sauterdigital",
                "pull_request": [],
                "push": [
                  {
                    "branch": "^develop$",
                    "invert_regex": false,
                    "tag": ""
                  }
                ]
              }
            ],
            "id": "projects/sauter-poc-genai/locations/us-central1/triggers/a769d1c7-1a7e-4b73-bf7a-05ee68f0e99b",
            "ignored_files": [],
            "include_build_logs": "INCLUDE_BUILD_LOGS_WITH_STATUS",
            "included_files": [
              "app/**",
              "tests/**",
              "deployment/**",
              ".cloudbuild/**",
              "uv.lock"
            ],
            "location": "us-central1",
            "name": "dev-demo-agent",
            "project": "sauter-poc-genai",
            "pubsub_config": [],
            "repository_event_config": [],
            "service_account": "projects/sauter-poc-genai/serviceAccounts/demo-agent-cb@sauter-poc-genai.iam.gserviceaccount.com",
            "source_to_build": [],
            "substitutions": {
              "_APP_SERVICE_ACCOUNT_DEV": "demo-agent-app-dev@sauter-poc-genai.iam.gserviceaccount.com",
              "_DEV_PROJECT_ID": "sauter-poc-genai",
              "_LOGS_BUCKET_NAME_DEV": "sauter-poc-genai-demo-agent-logs",
              "_REGION": "us-central1"
            },
            "tags": [],
            "timeouts": null,
            "trigger_id": "a769d1c7-1a7e-4b73-bf7a-05ee68f0e99b",
            "trigger_template": [],
            "webhook_config": []
          },
          "sensitive_attributes": [],
          "identity_schema_version": 1,
          "identity": {
            "location": "us-central1",
            "project": "sauter-poc-genai",
            "trigger_id": "a769d1c7-1a7e-4b73-bf7a-05ee68f0e99b"
          },
          "private": "eyJlMmJmYjczMC1lY2FhLTExZTYtOGY4OC0zNDM2M2JjN2M0YzAiOnsiY3JlYXRlIjoxMjAwMDAwMDAwMDAwLCJkZWxldGUiOjEyMDAwMDAwMDAwMDAsInVwZGF0ZSI6MTIwMDAwMDAwMDAwMH0sInNjaGVtYV92ZXJzaW9uIjoiMiJ9",
          "dependencies": [
            "google_project_service.cicd_services",
            "google_project_service.deploy_project_services",
            "google_service_account.app_sa",
            "google_service_account.cicd_runner_sa",
            "google_storage_bucket.logs_data_bucket"
          ]
        }
      ]
    },
    {
      "mode": "managed",
      "type": "google_cloudbuild_trigger",
      "name": "pr_checks",
      "provider": "provider[\"registry.terraform.io/hashicorp/google\"]",
      "instances": [
        {
          "schema_version": 2,
          "attributes": {
            "approval_config": [
              {
                "approval_required": false
              }
            ],
            "bitbucket_server_trigger_config": [],
            "build": [],
            "create_time": "2026-09-14T19:40:11.965347994Z",
            "description": "Trigger for PR checks",
            "developer_connect_event_config": [],
            "disabled": false,
            "filename": ".cloudbuild/pr_checks.yaml",
            "filter": "",
            "git_file_source": [],
            "github": [
              {
                "enterprise_config_resource_name": "",
                "name": "cescon-demo",
                "owner": "sauterdigital",
                "pull_request": [
                  {
                    "branch": "^main$",
                    "comment_control": "",
                    "invert_regex": false
                  }
                ],
                "push": []
              }
            ],
            "id": "projects/sauter-poc-genai/locations/us-central1/triggers/b2e47838-1cec-4f9c-b0a3-09c6874939d9",
            "ignored_files": [],
            "include_build_logs": "INCLUDE_BUILD_LOGS_WITH_STATUS",
            "included_files": [
              "app/**",
              "tests/**",
              "deployment/**",
              ".cloudbuild/**",
              "uv.lock"
            ],
            "location": "us-central1",
            "name": "pr-demo-agent",
            "project": "sauter-poc-genai",
            "pubsub_config": [],
            "repository_event_config": [],
            "service_account": "projects/sauter-poc-genai/serviceAccounts/demo-agent-cb@sauter-poc-genai.iam.gserviceaccount.com",
            "source_to_build": [],
            "substitutions": {},
            "tags": [],
            "timeouts": null,
            "trigger_id": "b2e47838-1cec-4f9c-b0a3-09c6874939d9",
            "trigger_template": [],
            "webhook_config": []
          },
          "sensitive_attributes": [],
          "identity_schema_version": 1,
          "identity": {
            "location": "us-central1",
            "project": "sauter-poc-genai",
            "trigger_id": "b2e47838-1cec-4f9c-b0a3-09c6874939d9"
          },
          "private": "eyJlMmJmYjczMC1lY2FhLTExZTYtOGY4OC0zNDM2M2JjN2M0YzAiOnsiY3JlYXRlIjoxMjAwMDAwMDAwMDAwLCJkZWxldGUiOjEyMDAwMDAwMDAwMDAsInVwZGF0ZSI6MTIwMDAwMDAwMDAwMH0sInNjaGVtYV92ZXJzaW9uIjoiMiJ9",
          "dependencies": [
            "google_project_service.cicd_services",
            "google_project_service.deploy_project_services",
            "google_service_account.cicd_runner_sa"
          ]
        }
      ]
    },
    {
      "mode": "managed",
      "type": "google_logging_project_sink",
      "name": "genai_logs_to_bq",
      "provider": "provider[\"registry.terraform.io/hashicorp/google\"]",
      "instances": [
        {
          "index_key": "dev",
          "schema_version": 0,
          "attributes": {
            "bigquery_options": [
              {
                "use_partitioned_tables": true
              }
            ],
            "custom_writer_identity": null,
            "description": "",
            "destination": "bigquery.googleapis.com/projects/sauter-poc-genai/datasets/demo_agent_telemetry_dev",
            "disabled": false,
            "exclusions": [],
            "filter": "labels.\"event.name\"=\"gen_ai.client.inference.operation.details\" AND (labels.\"gen_ai.input.messages_ref\" =~ \".*demo-agent.*\" OR labels.\"gen_ai.output.messages_ref\" =~ \".*demo-agent.*\")",
            "id": "projects/sauter-poc-genai/sinks/demo-agent-genai-logs-dev",
            "name": "demo-agent-genai-logs-dev",
            "project": "sauter-poc-genai",
            "unique_writer_identity": true,
            "writer_identity": "serviceAccount:service-864119621453@gcp-sa-logging.iam.gserviceaccount.com"
          },
          "sensitive_attributes": [],
          "identity_schema_version": 0,
          "private": "bnVsbA==",
          "dependencies": [
            "google_bigquery_dataset.telemetry_dataset",
            "google_project_service.cicd_services",
            "google_project_service.deploy_project_services"
          ]
        },
        {
          "index_key": "prod",
          "schema_version": 0,
          "attributes": {
            "bigquery_options": [
              {
                "use_partitioned_tables": true
              }
            ],
            "custom_writer_identity": null,
            "description": "",
            "destination": "bigquery.googleapis.com/projects/sauter-poc-genai/datasets/demo_agent_telemetry_prod",
            "disabled": false,
            "exclusions": [],
            "filter": "labels.\"event.name\"=\"gen_ai.client.inference.operation.details\" AND (labels.\"gen_ai.input.messages_ref\" =~ \".*demo-agent.*\" OR labels.\"gen_ai.output.messages_ref\" =~ \".*demo-agent.*\")",
            "id": "projects/sauter-poc-genai/sinks/demo-agent-genai-logs-prod",
            "name": "demo-agent-genai-logs-prod",
            "project": "sauter-poc-genai",
            "unique_writer_identity": true,
            "writer_identity": "serviceAccount:service-864119621453@gcp-sa-logging.iam.gserviceaccount.com"
          },
          "sensitive_attributes": [],
          "identity_schema_version": 0,
          "private": "bnVsbA==",
          "dependencies": [
            "google_bigquery_dataset.telemetry_dataset",
            "google_project_service.cicd_services",
            "google_project_service.deploy_project_services"
          ]
        },
        {
          "index_key": "staging",
          "schema_version": 0,
          "attributes": {
            "bigquery_options": [
              {
                "use_partitioned_tables": true
              }
            ],
            "custom_writer_identity": null,
            "description": "",
            "destination": "bigquery.googleapis.com/projects/sauter-poc-genai/datasets/demo_agent_telemetry_staging",
            "disabled": false,
            "exclusions": [],
            "filter": "labels.\"event.name\"=\"gen_ai.client.inference.operation.details\" AND (labels.\"gen_ai.input.messages_ref\" =~ \".*demo-agent.*\" OR labels.\"gen_ai.output.messages_ref\" =~ \".*demo-agent.*\")",
            "id": "projects/sauter-poc-genai/sinks/demo-agent-genai-logs-staging",
            "name": "demo-agent-genai-logs-staging",
            "project": "sauter-poc-genai",
            "unique_writer_identity": true,
            "writer_identity": "serviceAccount:service-864119621453@gcp-sa-logging.iam.gserviceaccount.com"
          },
          "sensitive_attributes": [],
          "identity_schema_version": 0,
          "private": "bnVsbA==",
          "dependencies": [
            "google_bigquery_dataset.telemetry_dataset",
            "google_project_service.cicd_services",
            "google_project_service.deploy_project_services"
          ]
        }
      ]
    },
    {
      "mode": "managed",
      "type": "google_project_iam_member",
      "name": "app_sa_roles",
      "provider": "provider[\"registry.terraform.io/hashicorp/google\"]",
      "instances": [
        {
          "index_key": "dev,roles/aiplatform.user",
          "schema_version": 0,
          "attributes": {
            "condition": [],
            "etag": "BwZcLrb4DPY=",
            "id": "sauter-poc-genai/roles/aiplatform.user/serviceAccount:demo-agent-app-dev@sauter-poc-genai.iam.gserviceaccount.com",
            "member": "serviceAccount:demo-agent-app-dev@sauter-poc-genai.iam.gserviceaccount.com",
            "project": "sauter-poc-genai",
            "role": "roles/aiplatform.user"
          },
          "sensitive_attributes": [],
          "identity_schema_version": 0,
          "private": "bnVsbA==",
          "dependencies": [
            "google_project_service.cicd_services",
            "google_project_service.deploy_project_services",
            "google_service_account.app_sa"
          ]
        },
        {
          "index_key": "dev,roles/cloudtrace.agent",
          "schema_version": 0,
          "attributes": {
            "condition": [],
            "etag": "BwZcLrb4DPY=",
            "id": "sauter-poc-genai/roles/cloudtrace.agent/serviceAccount:demo-agent-app-dev@sauter-poc-genai.iam.gserviceaccount.com",
            "member": "serviceAccount:demo-agent-app-dev@sauter-poc-genai.iam.gserviceaccount.com",
            "project": "sauter-poc-genai",
            "role": "roles/cloudtrace.agent"
          },
          "sensitive_attributes": [],
          "identity_schema_version": 0,
          "private": "bnVsbA==",
          "dependencies": [
            "google_project_service.cicd_services",
            "google_project_service.deploy_project_services",
            "google_service_account.app_sa"
          ]
        },
        {
          "index_key": "dev,roles/logging.logWriter",
          "schema_version": 0,
          "attributes": {
            "condition": [],
            "etag": "BwZcLrb4DPY=",
            "id": "sauter-poc-genai/roles/logging.logWriter/serviceAccount:demo-agent-app-dev@sauter-poc-genai.iam.gserviceaccount.com",
            "member": "serviceAccount:demo-agent-app-dev@sauter-poc-genai.iam.gserviceaccount.com",
            "project": "sauter-poc-genai",
            "role": "roles/logging.logWriter"
          },
          "sensitive_attributes": [],
          "identity_schema_version": 0,
          "private": "bnVsbA==",
          "dependencies": [
            "google_project_service.cicd_services",
            "google_project_service.deploy_project_services",
            "google_service_account.app_sa"
          ]
        },
        {
          "index_key": "dev,roles/serviceusage.serviceUsageConsumer",
          "schema_version": 0,
          "attributes": {
            "condition": [],
            "etag": "BwZcLrb4DPY=",
            "id": "sauter-poc-genai/roles/serviceusage.serviceUsageConsumer/serviceAccount:demo-agent-app-dev@sauter-poc-genai.iam.gserviceaccount.com",
            "member": "serviceAccount:demo-agent-app-dev@sauter-poc-genai.iam.gserviceaccount.com",
            "project": "sauter-poc-genai",
            "role": "roles/serviceusage.serviceUsageConsumer"
          },
          "sensitive_attributes": [],
          "identity_schema_version": 0,
          "private": "bnVsbA==",
          "dependencies": [
            "google_project_service.cicd_services",
            "google_project_service.deploy_project_services",
            "google_service_account.app_sa"
          ]
        },
        {
          "index_key": "dev,roles/storage.admin",
          "schema_version": 0,
          "attributes": {
            "condition": [],
            "etag": "BwZcLrb4DPY=",
            "id": "sauter-poc-genai/roles/storage.admin/serviceAccount:demo-agent-app-dev@sauter-poc-genai.iam.gserviceaccount.com",
            "member": "serviceAccount:demo-agent-app-dev@sauter-poc-genai.iam.gserviceaccount.com",
            "project": "sauter-poc-genai",
            "role": "roles/storage.admin"
          },
          "sensitive_attributes": [],
          "identity_schema_version": 0,
          "private": "bnVsbA==",
          "dependencies": [
            "google_project_service.cicd_services",
            "google_project_service.deploy_project_services",
            "google_service_account.app_sa"
          ]
        },
        {
          "index_key": "prod,roles/aiplatform.user",
          "schema_version": 0,
          "attributes": {
            "condition": [],
            "etag": "BwZcLrb4DPY=",
            "id": "sauter-poc-genai/roles/aiplatform.user/serviceAccount:demo-agent-app-prod@sauter-poc-genai.iam.gserviceaccount.com",
            "member": "serviceAccount:demo-agent-app-prod@sauter-poc-genai.iam.gserviceaccount.com",
            "project": "sauter-poc-genai",
            "role": "roles/aiplatform.user"
          },
          "sensitive_attributes": [],
          "identity_schema_version": 0,
          "private": "bnVsbA==",
          "dependencies": [
            "google_project_service.cicd_services",
            "google_project_service.deploy_project_services",
            "google_service_account.app_sa"
          ]
        },
        {
          "index_key": "prod,roles/cloudtrace.agent",
          "schema_version": 0,
          "attributes": {
            "condition": [],
            "etag": "BwZcLrb4DPY=",
            "id": "sauter-poc-genai/roles/cloudtrace.agent/serviceAccount:demo-agent-app-prod@sauter-poc-genai.iam.gserviceaccount.com",
            "member": "serviceAccount:demo-agent-app-prod@sauter-poc-genai.iam.gserviceaccount.com",
            "project": "sauter-poc-genai",
            "role": "roles/cloudtrace.agent"
          },
          "sensitive_attributes": [],
          "identity_schema_version": 0,
          "private": "bnVsbA==",
          "dependencies": [
            "google_project_service.cicd_services",
            "google_project_service.deploy_project_services",
            "google_service_account.app_sa"
          ]
        },
        {
          "index_key": "prod,roles/logging.logWriter",
          "schema_version": 0,
          "attributes": {
            "condition": [],
            "etag": "BwZcLrb4DPY=",
            "id": "sauter-poc-genai/roles/logging.logWriter/serviceAccount:demo-agent-app-prod@sauter-poc-genai.iam.gserviceaccount.com",
            "member": "serviceAccount:demo-agent-app-prod@sauter-poc-genai.iam.gserviceaccount.com",
            "project": "sauter-poc-genai",
            "role": "roles/logging.logWriter"
          },
          "sensitive_attributes": [],
          "identity_schema_version": 0,
          "private": "bnVsbA==",
          "dependencies": [
            "google_project_service.cicd_services",
            "google_project_service.deploy_project_services",
            "google_service_account.app_sa"
          ]
        },
        {
          "index_key": "prod,roles/serviceusage.serviceUsageConsumer",
          "schema_version": 0,
          "attributes": {
            "condition": [],
            "etag": "BwZcLrb4DPY=",
            "id": "sauter-poc-genai/roles/serviceusage.serviceUsageConsumer/serviceAccount:demo-agent-app-prod@sauter-poc-genai.iam.gserviceaccount.com",
            "member": "serviceAccount:demo-agent-app-prod@sauter-poc-genai.iam.gserviceaccount.com",
            "project": "sauter-poc-genai",
            "role": "roles/serviceusage.serviceUsageConsumer"
          },
          "sensitive_attributes": [],
          "identity_schema_version": 0,
          "private": "bnVsbA==",
          "dependencies": [
            "google_project_service.cicd_services",
            "google_project_service.deploy_project_services",
            "google_service_account.app_sa"
          ]
        },
        {
          "index_key": "prod,roles/storage.admin",
          "schema_version": 0,
          "attributes": {
            "condition": [],
            "etag": "BwZcLrb4DPY=",
            "id": "sauter-poc-genai/roles/storage.admin/serviceAccount:demo-agent-app-prod@sauter-poc-genai.iam.gserviceaccount.com",
            "member": "serviceAccount:demo-agent-app-prod@sauter-poc-genai.iam.gserviceaccount.com",
            "project": "sauter-poc-genai",
            "role": "roles/storage.admin"
          },
          "sensitive_attributes": [],
          "identity_schema_version": 0,
          "private": "bnVsbA==",
          "dependencies": [
            "google_project_service.cicd_services",
            "google_project_service.deploy_project_services",
            "google_service_account.app_sa"
          ]
        },
        {
          "index_key": "staging,roles/aiplatform.user",
          "schema_version": 0,
          "attributes": {
            "condition": [],
            "etag": "BwZcLrb4DPY=",
            "id": "sauter-poc-genai/roles/aiplatform.user/serviceAccount:demo-agent-app-staging@sauter-poc-genai.iam.gserviceaccount.com",
            "member": "serviceAccount:demo-agent-app-staging@sauter-poc-genai.iam.gserviceaccount.com",
            "project": "sauter-poc-genai",
            "role": "roles/aiplatform.user"
          },
          "sensitive_attributes": [],
          "identity_schema_version": 0,
          "private": "bnVsbA==",
          "dependencies": [
            "google_project_service.cicd_services",
            "google_project_service.deploy_project_services",
            "google_service_account.app_sa"
          ]
        },
        {
          "index_key": "staging,roles/cloudtrace.agent",
          "schema_version": 0,
          "attributes": {
            "condition": [],
            "etag": "BwZcLrb4DPY=",
            "id": "sauter-poc-genai/roles/cloudtrace.agent/serviceAccount:demo-agent-app-staging@sauter-poc-genai.iam.gserviceaccount.com",
            "member": "serviceAccount:demo-agent-app-staging@sauter-poc-genai.iam.gserviceaccount.com",
            "project": "sauter-poc-genai",
            "role": "roles/cloudtrace.agent"
          },
          "sensitive_attributes": [],
          "identity_schema_version": 0,
          "private": "bnVsbA==",
          "dependencies": [
            "google_project_service.cicd_services",
            "google_project_service.deploy_project_services",
            "google_service_account.app_sa"
          ]
        },
        {
          "index_key": "staging,roles/logging.logWriter",
          "schema_version": 0,
          "attributes": {
            "condition": [],
            "etag": "BwZcLrb4DPY=",
            "id": "sauter-poc-genai/roles/logging.logWriter/serviceAccount:demo-agent-app-staging@sauter-poc-genai.iam.gserviceaccount.com",
            "member": "serviceAccount:demo-agent-app-staging@sauter-poc-genai.iam.gserviceaccount.com",
            "project": "sauter-poc-genai",
            "role": "roles/logging.logWriter"
          },
          "sensitive_attributes": [],
          "identity_schema_version": 0,
          "private": "bnVsbA==",
          "dependencies": [
            "google_project_service.cicd_services",
            "google_project_service.deploy_project_services",
            "google_service_account.app_sa"
          ]
        },
        {
          "index_key": "staging,roles/serviceusage.serviceUsageConsumer",
          "schema_version": 0,
          "attributes": {
            "condition": [],
            "etag": "BwZcLrb4DPY=",
            "id": "sauter-poc-genai/roles/serviceusage.serviceUsageConsumer/serviceAccount:demo-agent-app-staging@sauter-poc-genai.iam.gserviceaccount.com",
            "member": "serviceAccount:demo-agent-app-staging@sauter-poc-genai.iam.gserviceaccount.com",
            "project": "sauter-poc-genai",
            "role": "roles/serviceusage.serviceUsageConsumer"
          },
          "sensitive_attributes": [],
          "identity_schema_version": 0,
          "private": "bnVsbA==",
          "dependencies": [
            "google_project_service.cicd_services",
            "google_project_service.deploy_project_services",
            "google_service_account.app_sa"
          ]
        },
        {
          "index_key": "staging,roles/storage.admin",
          "schema_version": 0,
          "attributes": {
            "condition": [],
            "etag": "BwZcLrb4DPY=",
            "id": "sauter-poc-genai/roles/storage.admin/serviceAccount:demo-agent-app-staging@sauter-poc-genai.iam.gserviceaccount.com",
            "member": "serviceAccount:demo-agent-app-staging@sauter-poc-genai.iam.gserviceaccount.com",
            "project": "sauter-poc-genai",
            "role": "roles/storage.admin"
          },
          "sensitive_attributes": [],
          "identity_schema_version": 0,
          "private": "bnVsbA==",
          "dependencies": [
            "google_project_service.cicd_services",
            "google_project_service.deploy_project_services",
            "google_service_account.app_sa"
          ]
        }
      ]
    },
    {
      "mode": "managed",
      "type": "google_project_iam_member",
      "name": "cicd_project_roles",
      "provider": "provider[\"registry.terraform.io/hashicorp/google\"]",
      "instances": [
        {
          "index_key": "roles/aiplatform.user",
          "schema_version": 0,
          "attributes": {
            "condition": [],
            "etag": "BwZcLrb4DPY=",
            "id": "sauter-poc-genai/roles/aiplatform.user/serviceAccount:demo-agent-cb@sauter-poc-genai.iam.gserviceaccount.com",
            "member": "serviceAccount:demo-agent-cb@sauter-poc-genai.iam.gserviceaccount.com",
            "project": "sauter-poc-genai",
            "role": "roles/aiplatform.user"
          },
          "sensitive_attributes": [],
          "identity_schema_version": 0,
          "private": "bnVsbA==",
          "dependencies": [
            "google_project_service.cicd_services",
            "google_project_service.deploy_project_services",
            "google_service_account.cicd_runner_sa"
          ]
        },
        {
          "index_key": "roles/artifactregistry.writer",
          "schema_version": 0,
          "attributes": {
            "condition": [],
            "etag": "BwZcLrb4DPY=",
            "id": "sauter-poc-genai/roles/artifactregistry.writer/serviceAccount:demo-agent-cb@sauter-poc-genai.iam.gserviceaccount.com",
            "member": "serviceAccount:demo-agent-cb@sauter-poc-genai.iam.gserviceaccount.com",
            "project": "sauter-poc-genai",
            "role": "roles/artifactregistry.writer"
          },
          "sensitive_attributes": [],
          "identity_schema_version": 0,
          "private": "bnVsbA==",
          "dependencies": [
            "google_project_service.cicd_services",
            "google_project_service.deploy_project_services",
            "google_service_account.cicd_runner_sa"
          ]
        },
        {
          "index_key": "roles/cloudbuild.builds.builder",
          "schema_version": 0,
          "attributes": {
            "condition": [],
            "etag": "BwZcLrb4DPY=",
            "id": "sauter-poc-genai/roles/cloudbuild.builds.builder/serviceAccount:demo-agent-cb@sauter-poc-genai.iam.gserviceaccount.com",
            "member": "serviceAccount:demo-agent-cb@sauter-poc-genai.iam.gserviceaccount.com",
            "project": "sauter-poc-genai",
            "role": "roles/cloudbuild.builds.builder"
          },
          "sensitive_attributes": [],
          "identity_schema_version": 0,
          "private": "bnVsbA==",
          "dependencies": [
            "google_project_service.cicd_services",
            "google_project_service.deploy_project_services",
            "google_service_account.cicd_runner_sa"
          ]
        },
        {
          "index_key": "roles/cloudtrace.agent",
          "schema_version": 0,
          "attributes": {
            "condition": [],
            "etag": "BwZcLrb4DPY=",
            "id": "sauter-poc-genai/roles/cloudtrace.agent/serviceAccount:demo-agent-cb@sauter-poc-genai.iam.gserviceaccount.com",
            "member": "serviceAccount:demo-agent-cb@sauter-poc-genai.iam.gserviceaccount.com",
            "project": "sauter-poc-genai",
            "role": "roles/cloudtrace.agent"
          },
          "sensitive_attributes": [],
          "identity_schema_version": 0,
          "private": "bnVsbA==",
          "dependencies": [
            "google_project_service.cicd_services",
            "google_project_service.deploy_project_services",
            "google_service_account.cicd_runner_sa"
          ]
        },
        {
          "index_key": "roles/logging.logWriter",
          "schema_version": 0,
          "attributes": {
            "condition": [],
            "etag": "BwZcLrb4DPY=",
            "id": "sauter-poc-genai/roles/logging.logWriter/serviceAccount:demo-agent-cb@sauter-poc-genai.iam.gserviceaccount.com",
            "member": "serviceAccount:demo-agent-cb@sauter-poc-genai.iam.gserviceaccount.com",
            "project": "sauter-poc-genai",
            "role": "roles/logging.logWriter"
          },
          "sensitive_attributes": [],
          "identity_schema_version": 0,
          "private": "bnVsbA==",
          "dependencies": [
            "google_project_service.cicd_services",
            "google_project_service.deploy_project_services",
            "google_service_account.cicd_runner_sa"
          ]
        },
        {
          "index_key": "roles/storage.admin",
          "schema_version": 0,
          "attributes": {
            "condition": [],
            "etag": "BwZcLrb4DPY=",
            "id": "sauter-poc-genai/roles/storage.admin/serviceAccount:demo-agent-cb@sauter-poc-genai.iam.gserviceaccount.com",
            "member": "serviceAccount:demo-agent-cb@sauter-poc-genai.iam.gserviceaccount.com",
            "project": "sauter-poc-genai",
            "role": "roles/storage.admin"
          },
          "sensitive_attributes": [],
          "identity_schema_version": 0,
          "private": "bnVsbA==",
          "dependencies": [
            "google_project_service.cicd_services",
            "google_project_service.deploy_project_services",
            "google_service_account.cicd_runner_sa"
          ]
        }
      ]
    },
    {
      "mode": "managed",
      "type": "google_project_iam_member",
      "name": "other_projects_roles",
      "provider": "provider[\"registry.terraform.io/hashicorp/google\"]",
      "instances": [
        {
          "index_key": "dev-roles/aiplatform.user",
          "schema_version": 0,
          "attributes": {
            "condition": [],
            "etag": "BwZcLrb4DPY=",
            "id": "sauter-poc-genai/roles/aiplatform.user/serviceAccount:demo-agent-cb@sauter-poc-genai.iam.gserviceaccount.com",
            "member": "serviceAccount:demo-agent-cb@sauter-poc-genai.iam.gserviceaccount.com",
            "project": "sauter-poc-genai",
            "role": "roles/aiplatform.user"
          },
          "sensitive_attributes": [],
          "identity_schema_version": 0,
          "private": "bnVsbA==",
          "dependencies": [
            "google_project_service.cicd_services",
            "google_project_service.deploy_project_services",
            "google_service_account.cicd_runner_sa"
          ]
        },
        {
          "index_key": "dev-roles/iam.serviceAccountUser",
          "schema_version": 0,
          "attributes": {
            "condition": [],
            "etag": "BwZcLrb4DPY=",
            "id": "sauter-poc-genai/roles/iam.serviceAccountUser/serviceAccount:demo-agent-cb@sauter-poc-genai.iam.gserviceaccount.com",
            "member": "serviceAccount:demo-agent-cb@sauter-poc-genai.iam.gserviceaccount.com",
            "project": "sauter-poc-genai",
            "role": "roles/iam.serviceAccountUser"
          },
          "sensitive_attributes": [],
          "identity_schema_version": 0,
          "private": "bnVsbA==",
          "dependencies": [
            "google_project_service.cicd_services",
            "google_project_service.deploy_project_services",
            "google_service_account.cicd_runner_sa"
          ]
        },
        {
          "index_key": "dev-roles/storage.admin",
          "schema_version": 0,
          "attributes": {
            "condition": [],
            "etag": "BwZcLrb4DPY=",
            "id": "sauter-poc-genai/roles/storage.admin/serviceAccount:demo-agent-cb@sauter-poc-genai.iam.gserviceaccount.com",
            "member": "serviceAccount:demo-agent-cb@sauter-poc-genai.iam.gserviceaccount.com",
            "project": "sauter-poc-genai",
            "role": "roles/storage.admin"
          },
          "sensitive_attributes": [],
          "identity_schema_version": 0,
          "private": "bnVsbA==",
          "dependencies": [
            "google_project_service.cicd_services",
            "google_project_service.deploy_project_services",
            "google_service_account.cicd_runner_sa"
          ]
        },
        {
          "index_key": "prod-roles/aiplatform.user",
          "schema_version": 0,
          "attributes": {
            "condition": [],
            "etag": "BwZcLrb4DPY=",
            "id": "sauter-poc-genai/roles/aiplatform.user/serviceAccount:demo-agent-cb@sauter-poc-genai.iam.gserviceaccount.com",
            "member": "serviceAccount:demo-agent-cb@sauter-poc-genai.iam.gserviceaccount.com",
            "project": "sauter-poc-genai",
            "role": "roles/aiplatform.user"
          },
          "sensitive_attributes": [],
          "identity_schema_version": 0,
          "private": "bnVsbA==",
          "dependencies": [
            "google_project_service.cicd_services",
            "google_project_service.deploy_project_services",
            "google_service_account.cicd_runner_sa"
          ]
        },
        {
          "index_key": "prod-roles/iam.serviceAccountUser",
          "schema_version": 0,
          "attributes": {
            "condition": [],
            "etag": "BwZcLrb4DPY=",
            "id": "sauter-poc-genai/roles/iam.serviceAccountUser/serviceAccount:demo-agent-cb@sauter-poc-genai.iam.gserviceaccount.com",
            "member": "serviceAccount:demo-agent-cb@sauter-poc-genai.iam.gserviceaccount.com",
            "project": "sauter-poc-genai",
            "role": "roles/iam.serviceAccountUser"
          },
          "sensitive_attributes": [],
          "identity_schema_version": 0,
          "private": "bnVsbA==",
          "dependencies": [
            "google_project_service.cicd_services",
            "google_project_service.deploy_project_services",
            "google_service_account.cicd_runner_sa"
          ]
        },
        {
          "index_key": "prod-roles/storage.admin",
          "schema_version": 0,
          "attributes": {
            "condition": [],
            "etag": "BwZcLrb4DPY=",
            "id": "sauter-poc-genai/roles/storage.admin/serviceAccount:demo-agent-cb@sauter-poc-genai.iam.gserviceaccount.com",
            "member": "serviceAccount:demo-agent-cb@sauter-poc-genai.iam.gserviceaccount.com",
            "project": "sauter-poc-genai",
            "role": "roles/storage.admin"
          },
          "sensitive_attributes": [],
          "identity_schema_version": 0,
          "private": "bnVsbA==",
          "dependencies": [
            "google_project_service.cicd_services",
            "google_project_service.deploy_project_services",
            "google_service_account.cicd_runner_sa"
          ]
        },
        {
          "index_key": "staging-roles/aiplatform.user",
          "schema_version": 0,
          "attributes": {
            "condition": [],
            "etag": "BwZcLrb4DPY=",
            "id": "sauter-poc-genai/roles/aiplatform.user/serviceAccount:demo-agent-cb@sauter-poc-genai.iam.gserviceaccount.com",
            "member": "serviceAccount:demo-agent-cb@sauter-poc-genai.iam.gserviceaccount.com",
            "project": "sauter-poc-genai",
            "role": "roles/aiplatform.user"
          },
          "sensitive_attributes": [],
          "identity_schema_version": 0,
          "private": "bnVsbA==",
          "dependencies": [
            "google_project_service.cicd_services",
            "google_project_service.deploy_project_services",
            "google_service_account.cicd_runner_sa"
          ]
        },
        {
          "index_key": "staging-roles/iam.serviceAccountUser",
          "schema_version": 0,
          "attributes": {
            "condition": [],
            "etag": "BwZcLrb4DPY=",
            "id": "sauter-poc-genai/roles/iam.serviceAccountUser/serviceAccount:demo-agent-cb@sauter-poc-genai.iam.gserviceaccount.com",
            "member": "serviceAccount:demo-agent-cb@sauter-poc-genai.iam.gserviceaccount.com",
            "project": "sauter-poc-genai",
            "role": "roles/iam.serviceAccountUser"
          },
          "sensitive_attributes": [],
          "identity_schema_version": 0,
          "private": "bnVsbA==",
          "dependencies": [
            "google_project_service.cicd_services",
            "google_project_service.deploy_project_services",
            "google_service_account.cicd_runner_sa"
          ]
        },
        {
          "index_key": "staging-roles/storage.admin",
          "schema_version": 0,
          "attributes": {
            "condition": [],
            "etag": "BwZcLrb4DPY=",
            "id": "sauter-poc-genai/roles/storage.admin/serviceAccount:demo-agent-cb@sauter-poc-genai.iam.gserviceaccount.com",
            "member": "serviceAccount:demo-agent-cb@sauter-poc-genai.iam.gserviceaccount.com",
            "project": "sauter-poc-genai",
            "role": "roles/storage.admin"
          },
          "sensitive_attributes": [],
          "identity_schema_version": 0,
          "private": "bnVsbA==",
          "dependencies": [
            "google_project_service.cicd_services",
            "google_project_service.deploy_project_services",
            "google_service_account.cicd_runner_sa"
          ]
        }
      ]
    },
    {
      "mode": "managed",
      "type": "google_project_service",
      "name": "cicd_cloud_resource_manager_api",
      "provider": "provider[\"registry.terraform.io/hashicorp/google\"]",
      "instances": [
        {
          "schema_version": 0,
          "attributes": {
            "disable_dependent_services": null,
            "disable_on_destroy": false,
            "id": "sauter-poc-genai/cloudresourcemanager.googleapis.com",
            "project": "sauter-poc-genai",
            "service": "cloudresourcemanager.googleapis.com",
            "timeouts": null
          },
          "sensitive_attributes": [],
          "identity_schema_version": 0,
          "private": "eyJlMmJmYjczMC1lY2FhLTExZTYtOGY4OC0zNDM2M2JjN2M0YzAiOnsiY3JlYXRlIjoxMjAwMDAwMDAwMDAwLCJkZWxldGUiOjEyMDAwMDAwMDAwMDAsInJlYWQiOjYwMDAwMDAwMDAwMCwidXBkYXRlIjoxMjAwMDAwMDAwMDAwfX0="
        }
      ]
    },
    {
      "mode": "managed",
      "type": "google_project_service",
      "name": "cicd_services",
      "provider": "provider[\"registry.terraform.io/hashicorp/google\"]",
      "instances": [
        {
          "index_key": 0,
          "schema_version": 0,
          "attributes": {
            "disable_dependent_services": null,
            "disable_on_destroy": false,
            "id": "sauter-poc-genai/artifactregistry.googleapis.com",
            "project": "sauter-poc-genai",
            "service": "artifactregistry.googleapis.com",
            "timeouts": null
          },
          "sensitive_attributes": [],
          "identity_schema_version": 0,
          "private": "eyJlMmJmYjczMC1lY2FhLTExZTYtOGY4OC0zNDM2M2JjN2M0YzAiOnsiY3JlYXRlIjoxMjAwMDAwMDAwMDAwLCJkZWxldGUiOjEyMDAwMDAwMDAwMDAsInJlYWQiOjYwMDAwMDAwMDAwMCwidXBkYXRlIjoxMjAwMDAwMDAwMDAwfX0="
        },
        {
          "index_key": 1,
          "schema_version": 0,
          "attributes": {
            "disable_dependent_services": null,
            "disable_on_destroy": false,
            "id": "sauter-poc-genai/cloudbuild.googleapis.com",
            "project": "sauter-poc-genai",
            "service": "cloudbuild.googleapis.com",
            "timeouts": null
          },
          "sensitive_attributes": [],
          "identity_schema_version": 0,
          "private": "eyJlMmJmYjczMC1lY2FhLTExZTYtOGY4OC0zNDM2M2JjN2M0YzAiOnsiY3JlYXRlIjoxMjAwMDAwMDAwMDAwLCJkZWxldGUiOjEyMDAwMDAwMDAwMDAsInJlYWQiOjYwMDAwMDAwMDAwMCwidXBkYXRlIjoxMjAwMDAwMDAwMDAwfX0="
        },
        {
          "index_key": 2,
          "schema_version": 0,
          "attributes": {
            "disable_dependent_services": null,
            "disable_on_destroy": false,
            "id": "sauter-poc-genai/aiplatform.googleapis.com",
            "project": "sauter-poc-genai",
            "service": "aiplatform.googleapis.com",
            "timeouts": null
          },
          "sensitive_attributes": [],
          "identity_schema_version": 0,
          "private": "eyJlMmJmYjczMC1lY2FhLTExZTYtOGY4OC0zNDM2M2JjN2M0YzAiOnsiY3JlYXRlIjoxMjAwMDAwMDAwMDAwLCJkZWxldGUiOjEyMDAwMDAwMDAwMDAsInJlYWQiOjYwMDAwMDAwMDAwMCwidXBkYXRlIjoxMjAwMDAwMDAwMDAwfX0="
        },
        {
          "index_key": 3,
          "schema_version": 0,
          "attributes": {
            "disable_dependent_services": null,
            "disable_on_destroy": false,
            "id": "sauter-poc-genai/serviceusage.googleapis.com",
            "project": "sauter-poc-genai",
            "service": "serviceusage.googleapis.com",
            "timeouts": null
          },
          "sensitive_attributes": [],
          "identity_schema_version": 0,
          "private": "eyJlMmJmYjczMC1lY2FhLTExZTYtOGY4OC0zNDM2M2JjN2M0YzAiOnsiY3JlYXRlIjoxMjAwMDAwMDAwMDAwLCJkZWxldGUiOjEyMDAwMDAwMDAwMDAsInJlYWQiOjYwMDAwMDAwMDAwMCwidXBkYXRlIjoxMjAwMDAwMDAwMDAwfX0="
        },
        {
          "index_key": 4,
          "schema_version": 0,
          "attributes": {
            "disable_dependent_services": null,
            "disable_on_destroy": false,
            "id": "sauter-poc-genai/bigquery.googleapis.com",
            "project": "sauter-poc-genai",
            "service": "bigquery.googleapis.com",
            "timeouts": null
          },
          "sensitive_attributes": [],
          "identity_schema_version": 0,
          "private": "eyJlMmJmYjczMC1lY2FhLTExZTYtOGY4OC0zNDM2M2JjN2M0YzAiOnsiY3JlYXRlIjoxMjAwMDAwMDAwMDAwLCJkZWxldGUiOjEyMDAwMDAwMDAwMDAsInJlYWQiOjYwMDAwMDAwMDAwMCwidXBkYXRlIjoxMjAwMDAwMDAwMDAwfX0="
        },
        {
          "index_key": 5,
          "schema_version": 0,
          "attributes": {
            "disable_dependent_services": null,
            "disable_on_destroy": false,
            "id": "sauter-poc-genai/cloudresourcemanager.googleapis.com",
            "project": "sauter-poc-genai",
            "service": "cloudresourcemanager.googleapis.com",
            "timeouts": null
          },
          "sensitive_attributes": [],
          "identity_schema_version": 0,
          "private": "eyJlMmJmYjczMC1lY2FhLTExZTYtOGY4OC0zNDM2M2JjN2M0YzAiOnsiY3JlYXRlIjoxMjAwMDAwMDAwMDAwLCJkZWxldGUiOjEyMDAwMDAwMDAwMDAsInJlYWQiOjYwMDAwMDAwMDAwMCwidXBkYXRlIjoxMjAwMDAwMDAwMDAwfX0="
        },
        {
          "index_key": 6,
          "schema_version": 0,
          "attributes": {
            "disable_dependent_services": null,
            "disable_on_destroy": false,
            "id": "sauter-poc-genai/cloudtrace.googleapis.com",
            "project": "sauter-poc-genai",
            "service": "cloudtrace.googleapis.com",
            "timeouts": null
          },
          "sensitive_attributes": [],
          "identity_schema_version": 0,
          "private": "eyJlMmJmYjczMC1lY2FhLTExZTYtOGY4OC0zNDM2M2JjN2M0YzAiOnsiY3JlYXRlIjoxMjAwMDAwMDAwMDAwLCJkZWxldGUiOjEyMDAwMDAwMDAwMDAsInJlYWQiOjYwMDAwMDAwMDAwMCwidXBkYXRlIjoxMjAwMDAwMDAwMDAwfX0="
        },
        {
          "index_key": 7,
          "schema_version": 0,
          "attributes": {
            "disable_dependent_services": null,
            "disable_on_destroy": false,
            "id": "sauter-poc-genai/telemetry.googleapis.com",
            "project": "sauter-poc-genai",
            "service": "telemetry.googleapis.com",
            "timeouts": null
          },
          "sensitive_attributes": [],
          "identity_schema_version": 0,
          "private": "eyJlMmJmYjczMC1lY2FhLTExZTYtOGY4OC0zNDM2M2JjN2M0YzAiOnsiY3JlYXRlIjoxMjAwMDAwMDAwMDAwLCJkZWxldGUiOjEyMDAwMDAwMDAwMDAsInJlYWQiOjYwMDAwMDAwMDAwMCwidXBkYXRlIjoxMjAwMDAwMDAwMDAwfX0="
        }
      ]
    },
    {
      "mode": "managed",
      "type": "google_project_service",
      "name": "deploy_project_services",
      "provider": "provider[\"registry.terraform.io/hashicorp/google\"]",
      "instances": [
        {
          "index_key": "dev_aiplatform_googleapis_com",
          "schema_version": 0,
          "attributes": {
            "disable_dependent_services": null,
            "disable_on_destroy": false,
            "id": "sauter-poc-genai/aiplatform.googleapis.com",
            "project": "sauter-poc-genai",
            "service": "aiplatform.googleapis.com",
            "timeouts": null
          },
          "sensitive_attributes": [],
          "identity_schema_version": 0,
          "private": "eyJlMmJmYjczMC1lY2FhLTExZTYtOGY4OC0zNDM2M2JjN2M0YzAiOnsiY3JlYXRlIjoxMjAwMDAwMDAwMDAwLCJkZWxldGUiOjEyMDAwMDAwMDAwMDAsInJlYWQiOjYwMDAwMDAwMDAwMCwidXBkYXRlIjoxMjAwMDAwMDAwMDAwfX0="
        },
        {
          "index_key": "dev_bigquery_googleapis_com",
          "schema_version": 0,
          "attributes": {
            "disable_dependent_services": null,
            "disable_on_destroy": false,
            "id": "sauter-poc-genai/bigquery.googleapis.com",
            "project": "sauter-poc-genai",
            "service": "bigquery.googleapis.com",
            "timeouts": null
          },
          "sensitive_attributes": [],
          "identity_schema_version": 0,
          "private": "eyJlMmJmYjczMC1lY2FhLTExZTYtOGY4OC0zNDM2M2JjN2M0YzAiOnsiY3JlYXRlIjoxMjAwMDAwMDAwMDAwLCJkZWxldGUiOjEyMDAwMDAwMDAwMDAsInJlYWQiOjYwMDAwMDAwMDAwMCwidXBkYXRlIjoxMjAwMDAwMDAwMDAwfX0="
        },
        {
          "index_key": "dev_cloudbuild_googleapis_com",
          "schema_version": 0,
          "attributes": {
            "disable_dependent_services": null,
            "disable_on_destroy": false,
            "id": "sauter-poc-genai/cloudbuild.googleapis.com",
            "project": "sauter-poc-genai",
            "service": "cloudbuild.googleapis.com",
            "timeouts": null
          },
          "sensitive_attributes": [],
          "identity_schema_version": 0,
          "private": "eyJlMmJmYjczMC1lY2FhLTExZTYtOGY4OC0zNDM2M2JjN2M0YzAiOnsiY3JlYXRlIjoxMjAwMDAwMDAwMDAwLCJkZWxldGUiOjEyMDAwMDAwMDAwMDAsInJlYWQiOjYwMDAwMDAwMDAwMCwidXBkYXRlIjoxMjAwMDAwMDAwMDAwfX0="
        },
        {
          "index_key": "dev_cloudresourcemanager_googleapis_com",
          "schema_version": 0,
          "attributes": {
            "disable_dependent_services": null,
            "disable_on_destroy": false,
            "id": "sauter-poc-genai/cloudresourcemanager.googleapis.com",
            "project": "sauter-poc-genai",
            "service": "cloudresourcemanager.googleapis.com",
            "timeouts": null
          },
          "sensitive_attributes": [],
          "identity_schema_version": 0,
          "private": "eyJlMmJmYjczMC1lY2FhLTExZTYtOGY4OC0zNDM2M2JjN2M0YzAiOnsiY3JlYXRlIjoxMjAwMDAwMDAwMDAwLCJkZWxldGUiOjEyMDAwMDAwMDAwMDAsInJlYWQiOjYwMDAwMDAwMDAwMCwidXBkYXRlIjoxMjAwMDAwMDAwMDAwfX0="
        },
        {
          "index_key": "dev_cloudtrace_googleapis_com",
          "schema_version": 0,
          "attributes": {
            "disable_dependent_services": null,
            "disable_on_destroy": false,
            "id": "sauter-poc-genai/cloudtrace.googleapis.com",
            "project": "sauter-poc-genai",
            "service": "cloudtrace.googleapis.com",
            "timeouts": null
          },
          "sensitive_attributes": [],
          "identity_schema_version": 0,
          "private": "eyJlMmJmYjczMC1lY2FhLTExZTYtOGY4OC0zNDM2M2JjN2M0YzAiOnsiY3JlYXRlIjoxMjAwMDAwMDAwMDAwLCJkZWxldGUiOjEyMDAwMDAwMDAwMDAsInJlYWQiOjYwMDAwMDAwMDAwMCwidXBkYXRlIjoxMjAwMDAwMDAwMDAwfX0="
        },
        {
          "index_key": "dev_iam_googleapis_com",
          "schema_version": 0,
          "attributes": {
            "disable_dependent_services": null,
            "disable_on_destroy": false,
            "id": "sauter-poc-genai/iam.googleapis.com",
            "project": "sauter-poc-genai",
            "service": "iam.googleapis.com",
            "timeouts": null
          },
          "sensitive_attributes": [],
          "identity_schema_version": 0,
          "private": "eyJlMmJmYjczMC1lY2FhLTExZTYtOGY4OC0zNDM2M2JjN2M0YzAiOnsiY3JlYXRlIjoxMjAwMDAwMDAwMDAwLCJkZWxldGUiOjEyMDAwMDAwMDAwMDAsInJlYWQiOjYwMDAwMDAwMDAwMCwidXBkYXRlIjoxMjAwMDAwMDAwMDAwfX0="
        },
        {
          "index_key": "dev_logging_googleapis_com",
          "schema_version": 0,
          "attributes": {
            "disable_dependent_services": null,
            "disable_on_destroy": false,
            "id": "sauter-poc-genai/logging.googleapis.com",
            "project": "sauter-poc-genai",
            "service": "logging.googleapis.com",
            "timeouts": null
          },
          "sensitive_attributes": [],
          "identity_schema_version": 0,
          "private": "eyJlMmJmYjczMC1lY2FhLTExZTYtOGY4OC0zNDM2M2JjN2M0YzAiOnsiY3JlYXRlIjoxMjAwMDAwMDAwMDAwLCJkZWxldGUiOjEyMDAwMDAwMDAwMDAsInJlYWQiOjYwMDAwMDAwMDAwMCwidXBkYXRlIjoxMjAwMDAwMDAwMDAwfX0="
        },
        {
          "index_key": "dev_run_googleapis_com",
          "schema_version": 0,
          "attributes": {
            "disable_dependent_services": null,
            "disable_on_destroy": false,
            "id": "sauter-poc-genai/run.googleapis.com",
            "project": "sauter-poc-genai",
            "service": "run.googleapis.com",
            "timeouts": null
          },
          "sensitive_attributes": [],
          "identity_schema_version": 0,
          "private": "eyJlMmJmYjczMC1lY2FhLTExZTYtOGY4OC0zNDM2M2JjN2M0YzAiOnsiY3JlYXRlIjoxMjAwMDAwMDAwMDAwLCJkZWxldGUiOjEyMDAwMDAwMDAwMDAsInJlYWQiOjYwMDAwMDAwMDAwMCwidXBkYXRlIjoxMjAwMDAwMDAwMDAwfX0="
        },
        {
          "index_key": "dev_serviceusage_googleapis_com",
          "schema_version": 0,
          "attributes": {
            "disable_dependent_services": null,
            "disable_on_destroy": false,
            "id": "sauter-poc-genai/serviceusage.googleapis.com",
            "project": "sauter-poc-genai",
            "service": "serviceusage.googleapis.com",
            "timeouts": null
          },
          "sensitive_attributes": [],
          "identity_schema_version": 0,
          "private": "eyJlMmJmYjczMC1lY2FhLTExZTYtOGY4OC0zNDM2M2JjN2M0YzAiOnsiY3JlYXRlIjoxMjAwMDAwMDAwMDAwLCJkZWxldGUiOjEyMDAwMDAwMDAwMDAsInJlYWQiOjYwMDAwMDAwMDAwMCwidXBkYXRlIjoxMjAwMDAwMDAwMDAwfX0="
        },
        {
          "index_key": "dev_telemetry_googleapis_com",
          "schema_version": 0,
          "attributes": {
            "disable_dependent_services": null,
            "disable_on_destroy": false,
            "id": "sauter-poc-genai/telemetry.googleapis.com",
            "project": "sauter-poc-genai",
            "service": "telemetry.googleapis.com",
            "timeouts": null
          },
          "sensitive_attributes": [],
          "identity_schema_version": 0,
          "private": "eyJlMmJmYjczMC1lY2FhLTExZTYtOGY4OC0zNDM2M2JjN2M0YzAiOnsiY3JlYXRlIjoxMjAwMDAwMDAwMDAwLCJkZWxldGUiOjEyMDAwMDAwMDAwMDAsInJlYWQiOjYwMDAwMDAwMDAwMCwidXBkYXRlIjoxMjAwMDAwMDAwMDAwfX0="
        },
        {
          "index_key": "prod_aiplatform_googleapis_com",
          "schema_version": 0,
          "attributes": {
            "disable_dependent_services": null,
            "disable_on_destroy": false,
            "id": "sauter-poc-genai/aiplatform.googleapis.com",
            "project": "sauter-poc-genai",
            "service": "aiplatform.googleapis.com",
            "timeouts": null
          },
          "sensitive_attributes": [],
          "identity_schema_version": 0,
          "private": "eyJlMmJmYjczMC1lY2FhLTExZTYtOGY4OC0zNDM2M2JjN2M0YzAiOnsiY3JlYXRlIjoxMjAwMDAwMDAwMDAwLCJkZWxldGUiOjEyMDAwMDAwMDAwMDAsInJlYWQiOjYwMDAwMDAwMDAwMCwidXBkYXRlIjoxMjAwMDAwMDAwMDAwfX0="
        },
        {
          "index_key": "prod_bigquery_googleapis_com",
          "schema_version": 0,
          "attributes": {
            "disable_dependent_services": null,
            "disable_on_destroy": false,
            "id": "sauter-poc-genai/bigquery.googleapis.com",
            "project": "sauter-poc-genai",
            "service": "bigquery.googleapis.com",
            "timeouts": null
          },
          "sensitive_attributes": [],
          "identity_schema_version": 0,
          "private": "eyJlMmJmYjczMC1lY2FhLTExZTYtOGY4OC0zNDM2M2JjN2M0YzAiOnsiY3JlYXRlIjoxMjAwMDAwMDAwMDAwLCJkZWxldGUiOjEyMDAwMDAwMDAwMDAsInJlYWQiOjYwMDAwMDAwMDAwMCwidXBkYXRlIjoxMjAwMDAwMDAwMDAwfX0="
        },
        {
          "index_key": "prod_cloudbuild_googleapis_com",
          "schema_version": 0,
          "attributes": {
            "disable_dependent_services": null,
            "disable_on_destroy": false,
            "id": "sauter-poc-genai/cloudbuild.googleapis.com",
            "project": "sauter-poc-genai",
            "service": "cloudbuild.googleapis.com",
            "timeouts": null
          },
          "sensitive_attributes": [],
          "identity_schema_version": 0,
          "private": "eyJlMmJmYjczMC1lY2FhLTExZTYtOGY4OC0zNDM2M2JjN2M0YzAiOnsiY3JlYXRlIjoxMjAwMDAwMDAwMDAwLCJkZWxldGUiOjEyMDAwMDAwMDAwMDAsInJlYWQiOjYwMDAwMDAwMDAwMCwidXBkYXRlIjoxMjAwMDAwMDAwMDAwfX0="
        },
        {
          "index_key": "prod_cloudresourcemanager_googleapis_com",
          "schema_version": 0,
          "attributes": {
            "disable_dependent_services": null,
            "disable_on_destroy": false,
            "id": "sauter-poc-genai/cloudresourcemanager.googleapis.com",
            "project": "sauter-poc-genai",
            "service": "cloudresourcemanager.googleapis.com",
            "timeouts": null
          },
          "sensitive_attributes": [],
          "identity_schema_version": 0,
          "private": "eyJlMmJmYjczMC1lY2FhLTExZTYtOGY4OC0zNDM2M2JjN2M0YzAiOnsiY3JlYXRlIjoxMjAwMDAwMDAwMDAwLCJkZWxldGUiOjEyMDAwMDAwMDAwMDAsInJlYWQiOjYwMDAwMDAwMDAwMCwidXBkYXRlIjoxMjAwMDAwMDAwMDAwfX0="
        },
        {
          "index_key": "prod_cloudtrace_googleapis_com",
          "schema_version": 0,
          "attributes": {
            "disable_dependent_services": null,
            "disable_on_destroy": false,
            "id": "sauter-poc-genai/cloudtrace.googleapis.com",
            "project": "sauter-poc-genai",
            "service": "cloudtrace.googleapis.com",
            "timeouts": null
          },
          "sensitive_attributes": [],
          "identity_schema_version": 0,
          "private": "eyJlMmJmYjczMC1lY2FhLTExZTYtOGY4OC0zNDM2M2JjN2M0YzAiOnsiY3JlYXRlIjoxMjAwMDAwMDAwMDAwLCJkZWxldGUiOjEyMDAwMDAwMDAwMDAsInJlYWQiOjYwMDAwMDAwMDAwMCwidXBkYXRlIjoxMjAwMDAwMDAwMDAwfX0="
        },
        {
          "index_key": "prod_iam_googleapis_com",
          "schema_version": 0,
          "attributes": {
            "disable_dependent_services": null,
            "disable_on_destroy": false,
            "id": "sauter-poc-genai/iam.googleapis.com",
            "project": "sauter-poc-genai",
            "service": "iam.googleapis.com",
            "timeouts": null
          },
          "sensitive_attributes": [],
          "identity_schema_version": 0,
          "private": "eyJlMmJmYjczMC1lY2FhLTExZTYtOGY4OC0zNDM2M2JjN2M0YzAiOnsiY3JlYXRlIjoxMjAwMDAwMDAwMDAwLCJkZWxldGUiOjEyMDAwMDAwMDAwMDAsInJlYWQiOjYwMDAwMDAwMDAwMCwidXBkYXRlIjoxMjAwMDAwMDAwMDAwfX0="
        },
        {
          "index_key": "prod_logging_googleapis_com",
          "schema_version": 0,
          "attributes": {
            "disable_dependent_services": null,
            "disable_on_destroy": false,
            "id": "sauter-poc-genai/logging.googleapis.com",
            "project": "sauter-poc-genai",
            "service": "logging.googleapis.com",
            "timeouts": null
          },
          "sensitive_attributes": [],
          "identity_schema_version": 0,
          "private": "eyJlMmJmYjczMC1lY2FhLTExZTYtOGY4OC0zNDM2M2JjN2M0YzAiOnsiY3JlYXRlIjoxMjAwMDAwMDAwMDAwLCJkZWxldGUiOjEyMDAwMDAwMDAwMDAsInJlYWQiOjYwMDAwMDAwMDAwMCwidXBkYXRlIjoxMjAwMDAwMDAwMDAwfX0="
        },
        {
          "index_key": "prod_run_googleapis_com",
          "schema_version": 0,
          "attributes": {
            "disable_dependent_services": null,
            "disable_on_destroy": false,
            "id": "sauter-poc-genai/run.googleapis.com",
            "project": "sauter-poc-genai",
            "service": "run.googleapis.com",
            "timeouts": null
          },
          "sensitive_attributes": [],
          "identity_schema_version": 0,
          "private": "eyJlMmJmYjczMC1lY2FhLTExZTYtOGY4OC0zNDM2M2JjN2M0YzAiOnsiY3JlYXRlIjoxMjAwMDAwMDAwMDAwLCJkZWxldGUiOjEyMDAwMDAwMDAwMDAsInJlYWQiOjYwMDAwMDAwMDAwMCwidXBkYXRlIjoxMjAwMDAwMDAwMDAwfX0="
        },
        {
          "index_key": "prod_serviceusage_googleapis_com",
          "schema_version": 0,
          "attributes": {
            "disable_dependent_services": null,
            "disable_on_destroy": false,
            "id": "sauter-poc-genai/serviceusage.googleapis.com",
            "project": "sauter-poc-genai",
            "service": "serviceusage.googleapis.com",
            "timeouts": null
          },
          "sensitive_attributes": [],
          "identity_schema_version": 0,
          "private": "eyJlMmJmYjczMC1lY2FhLTExZTYtOGY4OC0zNDM2M2JjN2M0YzAiOnsiY3JlYXRlIjoxMjAwMDAwMDAwMDAwLCJkZWxldGUiOjEyMDAwMDAwMDAwMDAsInJlYWQiOjYwMDAwMDAwMDAwMCwidXBkYXRlIjoxMjAwMDAwMDAwMDAwfX0="
        },
        {
          "index_key": "prod_telemetry_googleapis_com",
          "schema_version": 0,
          "attributes": {
            "disable_dependent_services": null,
            "disable_on_destroy": false,
            "id": "sauter-poc-genai/telemetry.googleapis.com",
            "project": "sauter-poc-genai",
            "service": "telemetry.googleapis.com",
            "timeouts": null
          },
          "sensitive_attributes": [],
          "identity_schema_version": 0,
          "private": "eyJlMmJmYjczMC1lY2FhLTExZTYtOGY4OC0zNDM2M2JjN2M0YzAiOnsiY3JlYXRlIjoxMjAwMDAwMDAwMDAwLCJkZWxldGUiOjEyMDAwMDAwMDAwMDAsInJlYWQiOjYwMDAwMDAwMDAwMCwidXBkYXRlIjoxMjAwMDAwMDAwMDAwfX0="
        },
        {
          "index_key": "staging_aiplatform_googleapis_com",
          "schema_version": 0,
          "attributes": {
            "disable_dependent_services": null,
            "disable_on_destroy": false,
            "id": "sauter-poc-genai/aiplatform.googleapis.com",
            "project": "sauter-poc-genai",
            "service": "aiplatform.googleapis.com",
            "timeouts": null
          },
          "sensitive_attributes": [],
          "identity_schema_version": 0,
          "private": "eyJlMmJmYjczMC1lY2FhLTExZTYtOGY4OC0zNDM2M2JjN2M0YzAiOnsiY3JlYXRlIjoxMjAwMDAwMDAwMDAwLCJkZWxldGUiOjEyMDAwMDAwMDAwMDAsInJlYWQiOjYwMDAwMDAwMDAwMCwidXBkYXRlIjoxMjAwMDAwMDAwMDAwfX0="
        },
        {
          "index_key": "staging_bigquery_googleapis_com",
          "schema_version": 0,
          "attributes": {
            "disable_dependent_services": null,
            "disable_on_destroy": false,
            "id": "sauter-poc-genai/bigquery.googleapis.com",
            "project": "sauter-poc-genai",
            "service": "bigquery.googleapis.com",
            "timeouts": null
          },
          "sensitive_attributes": [],
          "identity_schema_version": 0,
          "private": "eyJlMmJmYjczMC1lY2FhLTExZTYtOGY4OC0zNDM2M2JjN2M0YzAiOnsiY3JlYXRlIjoxMjAwMDAwMDAwMDAwLCJkZWxldGUiOjEyMDAwMDAwMDAwMDAsInJlYWQiOjYwMDAwMDAwMDAwMCwidXBkYXRlIjoxMjAwMDAwMDAwMDAwfX0="
        },
        {
          "index_key": "staging_cloudbuild_googleapis_com",
          "schema_version": 0,
          "attributes": {
            "disable_dependent_services": null,
            "disable_on_destroy": false,
            "id": "sauter-poc-genai/cloudbuild.googleapis.com",
            "project": "sauter-poc-genai",
            "service": "cloudbuild.googleapis.com",
            "timeouts": null
          },
          "sensitive_attributes": [],
          "identity_schema_version": 0,
          "private": "eyJlMmJmYjczMC1lY2FhLTExZTYtOGY4OC0zNDM2M2JjN2M0YzAiOnsiY3JlYXRlIjoxMjAwMDAwMDAwMDAwLCJkZWxldGUiOjEyMDAwMDAwMDAwMDAsInJlYWQiOjYwMDAwMDAwMDAwMCwidXBkYXRlIjoxMjAwMDAwMDAwMDAwfX0="
        },
        {
          "index_key": "staging_cloudresourcemanager_googleapis_com",
          "schema_version": 0,
          "attributes": {
            "disable_dependent_services": null,
            "disable_on_destroy": false,
            "id": "sauter-poc-genai/cloudresourcemanager.googleapis.com",
            "project": "sauter-poc-genai",
            "service": "cloudresourcemanager.googleapis.com",
            "timeouts": null
          },
          "sensitive_attributes": [],
          "identity_schema_version": 0,
          "private": "eyJlMmJmYjczMC1lY2FhLTExZTYtOGY4OC0zNDM2M2JjN2M0YzAiOnsiY3JlYXRlIjoxMjAwMDAwMDAwMDAwLCJkZWxldGUiOjEyMDAwMDAwMDAwMDAsInJlYWQiOjYwMDAwMDAwMDAwMCwidXBkYXRlIjoxMjAwMDAwMDAwMDAwfX0="
        },
        {
          "index_key": "staging_cloudtrace_googleapis_com",
          "schema_version": 0,
          "attributes": {
            "disable_dependent_services": null,
            "disable_on_destroy": false,
            "id": "sauter-poc-genai/cloudtrace.googleapis.com",
            "project": "sauter-poc-genai",
            "service": "cloudtrace.googleapis.com",
            "timeouts": null
          },
          "sensitive_attributes": [],
          "identity_schema_version": 0,
          "private": "eyJlMmJmYjczMC1lY2FhLTExZTYtOGY4OC0zNDM2M2JjN2M0YzAiOnsiY3JlYXRlIjoxMjAwMDAwMDAwMDAwLCJkZWxldGUiOjEyMDAwMDAwMDAwMDAsInJlYWQiOjYwMDAwMDAwMDAwMCwidXBkYXRlIjoxMjAwMDAwMDAwMDAwfX0="
        },
        {
          "index_key": "staging_iam_googleapis_com",
          "schema_version": 0,
          "attributes": {
            "disable_dependent_services": null,
            "disable_on_destroy": false,
            "id": "sauter-poc-genai/iam.googleapis.com",
            "project": "sauter-poc-genai",
            "service": "iam.googleapis.com",
            "timeouts": null
          },
          "sensitive_attributes": [],
          "identity_schema_version": 0,
          "private": "eyJlMmJmYjczMC1lY2FhLTExZTYtOGY4OC0zNDM2M2JjN2M0YzAiOnsiY3JlYXRlIjoxMjAwMDAwMDAwMDAwLCJkZWxldGUiOjEyMDAwMDAwMDAwMDAsInJlYWQiOjYwMDAwMDAwMDAwMCwidXBkYXRlIjoxMjAwMDAwMDAwMDAwfX0="
        },
        {
          "index_key": "staging_logging_googleapis_com",
          "schema_version": 0,
          "attributes": {
            "disable_dependent_services": null,
            "disable_on_destroy": false,
            "id": "sauter-poc-genai/logging.googleapis.com",
            "project": "sauter-poc-genai",
            "service": "logging.googleapis.com",
            "timeouts": null
          },
          "sensitive_attributes": [],
          "identity_schema_version": 0,
          "private": "eyJlMmJmYjczMC1lY2FhLTExZTYtOGY4OC0zNDM2M2JjN2M0YzAiOnsiY3JlYXRlIjoxMjAwMDAwMDAwMDAwLCJkZWxldGUiOjEyMDAwMDAwMDAwMDAsInJlYWQiOjYwMDAwMDAwMDAwMCwidXBkYXRlIjoxMjAwMDAwMDAwMDAwfX0="
        },
        {
          "index_key": "staging_run_googleapis_com",
          "schema_version": 0,
          "attributes": {
            "disable_dependent_services": null,
            "disable_on_destroy": false,
            "id": "sauter-poc-genai/run.googleapis.com",
            "project": "sauter-poc-genai",
            "service": "run.googleapis.com",
            "timeouts": null
          },
          "sensitive_attributes": [],
          "identity_schema_version": 0,
          "private": "eyJlMmJmYjczMC1lY2FhLTExZTYtOGY4OC0zNDM2M2JjN2M0YzAiOnsiY3JlYXRlIjoxMjAwMDAwMDAwMDAwLCJkZWxldGUiOjEyMDAwMDAwMDAwMDAsInJlYWQiOjYwMDAwMDAwMDAwMCwidXBkYXRlIjoxMjAwMDAwMDAwMDAwfX0="
        },
        {
          "index_key": "staging_serviceusage_googleapis_com",
          "schema_version": 0,
          "attributes": {
            "disable_dependent_services": null,
            "disable_on_destroy": false,
            "id": "sauter-poc-genai/serviceusage.googleapis.com",
            "project": "sauter-poc-genai",
            "service": "serviceusage.googleapis.com",
            "timeouts": null
          },
          "sensitive_attributes": [],
          "identity_schema_version": 0,
          "private": "eyJlMmJmYjczMC1lY2FhLTExZTYtOGY4OC0zNDM2M2JjN2M0YzAiOnsiY3JlYXRlIjoxMjAwMDAwMDAwMDAwLCJkZWxldGUiOjEyMDAwMDAwMDAwMDAsInJlYWQiOjYwMDAwMDAwMDAwMCwidXBkYXRlIjoxMjAwMDAwMDAwMDAwfX0="
        },
        {
          "index_key": "staging_telemetry_googleapis_com",
          "schema_version": 0,
          "attributes": {
            "disable_dependent_services": null,
            "disable_on_destroy": false,
            "id": "sauter-poc-genai/telemetry.googleapis.com",
            "project": "sauter-poc-genai",
            "service": "telemetry.googleapis.com",
            "timeouts": null
          },
          "sensitive_attributes": [],
          "identity_schema_version": 0,
          "private": "eyJlMmJmYjczMC1lY2FhLTExZTYtOGY4OC0zNDM2M2JjN2M0YzAiOnsiY3JlYXRlIjoxMjAwMDAwMDAwMDAwLCJkZWxldGUiOjEyMDAwMDAwMDAwMDAsInJlYWQiOjYwMDAwMDAwMDAwMCwidXBkYXRlIjoxMjAwMDAwMDAwMDAwfX0="
        }
      ]
    },
    {
      "mode": "managed",
      "type": "google_service_account",
      "name": "app_sa",
      "provider": "provider[\"registry.terraform.io/hashicorp/google\"]",
      "instances": [
        {
          "index_key": "dev",
          "schema_version": 0,
          "attributes": {
            "account_id": "demo-agent-app-dev",
            "create_ignore_already_exists": null,
            "description": "",
            "disabled": false,
            "display_name": "demo-agent Agent Service Account (dev)",
            "email": "demo-agent-app-dev@sauter-poc-genai.iam.gserviceaccount.com",
            "id": "projects/sauter-poc-genai/serviceAccounts/demo-agent-app-dev@sauter-poc-genai.iam.gserviceaccount.com",
            "member": "serviceAccount:demo-agent-app-dev@sauter-poc-genai.iam.gserviceaccount.com",
            "name": "projects/sauter-poc-genai/serviceAccounts/demo-agent-app-dev@sauter-poc-genai.iam.gserviceaccount.com",
            "project": "sauter-poc-genai",
            "timeouts": null,
            "unique_id": "111470494349322681257"
          },
          "sensitive_attributes": [],
          "identity_schema_version": 0,
          "private": "eyJlMmJmYjczMC1lY2FhLTExZTYtOGY4OC0zNDM2M2JjN2M0YzAiOnsiY3JlYXRlIjozMDAwMDAwMDAwMDB9fQ==",
          "dependencies": [
            "google_project_service.cicd_services",
            "google_project_service.deploy_project_services"
          ]
        },
        {
          "index_key": "prod",
          "schema_version": 0,
          "attributes": {
            "account_id": "demo-agent-app-prod",
            "create_ignore_already_exists": null,
            "description": "",
            "disabled": false,
            "display_name": "demo-agent Agent Service Account (prod)",
            "email": "demo-agent-app-prod@sauter-poc-genai.iam.gserviceaccount.com",
            "id": "projects/sauter-poc-genai/serviceAccounts/demo-agent-app-prod@sauter-poc-genai.iam.gserviceaccount.com",
            "member": "serviceAccount:demo-agent-app-prod@sauter-poc-genai.iam.gserviceaccount.com",
            "name": "projects/sauter-poc-genai/serviceAccounts/demo-agent-app-prod@sauter-poc-genai.iam.gserviceaccount.com",
            "project": "sauter-poc-genai",
            "timeouts": null,
            "unique_id": "116999829889494569663"
          },
          "sensitive_attributes": [],
          "identity_schema_version": 0,
          "private": "eyJlMmJmYjczMC1lY2FhLTExZTYtOGY4OC0zNDM2M2JjN2M0YzAiOnsiY3JlYXRlIjozMDAwMDAwMDAwMDB9fQ==",
          "dependencies": [
            "google_project_service.cicd_services",
            "google_project_service.deploy_project_services"
          ]
        },
        {
          "index_key": "staging",
          "schema_version": 0,
          "attributes": {
            "account_id": "demo-agent-app-staging",
            "create_ignore_already_exists": null,
            "description": "",
            "disabled": false,
            "display_name": "demo-agent Agent Service Account (staging)",
            "email": "demo-agent-app-staging@sauter-poc-genai.iam.gserviceaccount.com",
            "id": "projects/sauter-poc-genai/serviceAccounts/demo-agent-app-staging@sauter-poc-genai.iam.gserviceaccount.com",
            "member": "serviceAccount:demo-agent-app-staging@sauter-poc-genai.iam.gserviceaccount.com",
            "name": "projects/sauter-poc-genai/serviceAccounts/demo-agent-app-staging@sauter-poc-genai.iam.gserviceaccount.com",
            "project": "sauter-poc-genai",
            "timeouts": null,
            "unique_id": "105777635844248622799"
          },
          "sensitive_attributes": [],
          "identity_schema_version": 0,
          "private": "eyJlMmJmYjczMC1lY2FhLTExZTYtOGY4OC0zNDM2M2JjN2M0YzAiOnsiY3JlYXRlIjozMDAwMDAwMDAwMDB9fQ==",
          "dependencies": [
            "google_project_service.cicd_services",
            "google_project_service.deploy_project_services"
          ]
        }
      ]
    },
    {
      "mode": "managed",
      "type": "google_service_account",
      "name": "cicd_runner_sa",
      "provider": "provider[\"registry.terraform.io/hashicorp/google\"]",
      "instances": [
        {
          "schema_version": 0,
          "attributes": {
            "account_id": "demo-agent-cb",
            "create_ignore_already_exists": null,
            "description": "",
            "disabled": false,
            "display_name": "CICD Runner SA",
            "email": "demo-agent-cb@sauter-poc-genai.iam.gserviceaccount.com",
            "id": "projects/sauter-poc-genai/serviceAccounts/demo-agent-cb@sauter-poc-genai.iam.gserviceaccount.com",
            "member": "serviceAccount:demo-agent-cb@sauter-poc-genai.iam.gserviceaccount.com",
            "name": "projects/sauter-poc-genai/serviceAccounts/demo-agent-cb@sauter-poc-genai.iam.gserviceaccount.com",
            "project": "sauter-poc-genai",
            "timeouts": null,
            "unique_id": "113370159727223449648"
          },
          "sensitive_attributes": [],
          "identity_schema_version": 0,
          "private": "eyJlMmJmYjczMC1lY2FhLTExZTYtOGY4OC0zNDM2M2JjN2M0YzAiOnsiY3JlYXRlIjozMDAwMDAwMDAwMDB9fQ==",
          "dependencies": [
            "google_project_service.cicd_services",
            "google_project_service.deploy_project_services"
          ]
        }
      ]
    },
    {
      "mode": "managed",
      "type": "google_service_account_iam_member",
      "name": "cicd_run_invoker_account_user",
      "provider": "provider[\"registry.terraform.io/hashicorp/google\"]",
      "instances": [
        {
          "schema_version": 0,
          "attributes": {
            "condition": [],
            "etag": "BwZbdnhms7g=",
            "id": "projects/sauter-poc-genai/serviceAccounts/demo-agent-cb@sauter-poc-genai.iam.gserviceaccount.com/roles/iam.serviceAccountUser/serviceAccount:demo-agent-cb@sauter-poc-genai.iam.gserviceaccount.com",
            "member": "serviceAccount:demo-agent-cb@sauter-poc-genai.iam.gserviceaccount.com",
            "role": "roles/iam.serviceAccountUser",
            "service_account_id": "projects/sauter-poc-genai/serviceAccounts/demo-agent-cb@sauter-poc-genai.iam.gserviceaccount.com"
          },
          "sensitive_attributes": [],
          "identity_schema_version": 0,
          "private": "bnVsbA==",
          "dependencies": [
            "google_project_service.cicd_services",
            "google_project_service.deploy_project_services",
            "google_service_account.cicd_runner_sa"
          ]
        }
      ]
    },
    {
      "mode": "managed",
      "type": "google_service_account_iam_member",
      "name": "cicd_run_invoker_token_creator",
      "provider": "provider[\"registry.terraform.io/hashicorp/google\"]",
      "instances": [
        {
          "schema_version": 0,
          "attributes": {
            "condition": [],
            "etag": "BwZbdnhms7g=",
            "id": "projects/sauter-poc-genai/serviceAccounts/demo-agent-cb@sauter-poc-genai.iam.gserviceaccount.com/roles/iam.serviceAccountTokenCreator/serviceAccount:demo-agent-cb@sauter-poc-genai.iam.gserviceaccount.com",
            "member": "serviceAccount:demo-agent-cb@sauter-poc-genai.iam.gserviceaccount.com",
            "role": "roles/iam.serviceAccountTokenCreator",
            "service_account_id": "projects/sauter-poc-genai/serviceAccounts/demo-agent-cb@sauter-poc-genai.iam.gserviceaccount.com"
          },
          "sensitive_attributes": [],
          "identity_schema_version": 0,
          "private": "bnVsbA==",
          "dependencies": [
            "google_project_service.cicd_services",
            "google_project_service.deploy_project_services",
            "google_service_account.cicd_runner_sa"
          ]
        }
      ]
    },
    {
      "mode": "managed",
      "type": "google_storage_bucket",
      "name": "logs_data_bucket",
      "provider": "provider[\"registry.terraform.io/hashicorp/google\"]",
      "instances": [
        {
          "index_key": "sauter-poc-genai",
          "schema_version": 4,
          "attributes": {
            "autoclass": [],
            "cors": [],
            "custom_placement_config": [],
            "default_event_based_hold": false,
            "effective_labels": {
              "goog-terraform-provisioned": "true"
            },
            "enable_object_retention": false,
            "encryption": [],
            "force_destroy": true,
            "hierarchical_namespace": [
              {
                "enabled": false
              }
            ],
            "id": "sauter-poc-genai-demo-agent-logs",
            "ip_filter": [],
            "labels": {},
            "lifecycle_rule": [],
            "location": "US-CENTRAL1",
            "logging": [],
            "name": "sauter-poc-genai-demo-agent-logs",
            "project": "sauter-poc-genai",
            "project_number": 864119621453,
            "public_access_prevention": "inherited",
            "requester_pays": false,
            "retention_policy": [],
            "rpo": null,
            "self_link": "https://www.googleapis.com/storage/v1/b/sauter-poc-genai-demo-agent-logs",
            "soft_delete_policy": [
              {
                "effective_time": "2026-09-14T19:29:21.628Z",
                "retention_duration_seconds": 604800
              }
            ],
            "storage_class": "STANDARD",
            "terraform_labels": {
              "goog-terraform-provisioned": "true"
            },
            "time_created": "2026-09-14T19:29:21.628Z",
            "timeouts": null,
            "uniform_bucket_level_access": true,
            "updated": "2026-09-14T19:29:36.758Z",
            "url": "gs://sauter-poc-genai-demo-agent-logs",
            "versioning": [],
            "website": []
          },
          "sensitive_attributes": [],
          "identity_schema_version": 0,
          "private": "eyJlMmJmYjczMC1lY2FhLTExZTYtOGY4OC0zNDM2M2JjN2M0YzAiOnsiY3JlYXRlIjo2MDAwMDAwMDAwMDAsInJlYWQiOjI0MDAwMDAwMDAwMCwidXBkYXRlIjoyNDAwMDAwMDAwMDB9LCJzY2hlbWFfdmVyc2lvbiI6IjQifQ==",
          "dependencies": [
            "google_project_service.cicd_services",
            "google_project_service.deploy_project_services"
          ]
        }
      ]
    },
    {
      "mode": "managed",
      "type": "google_storage_bucket_iam_member",
      "name": "telemetry_connection_access",
      "provider": "provider[\"registry.terraform.io/hashicorp/google\"]",
      "instances": [
        {
          "index_key": "dev",
          "schema_version": 0,
          "attributes": {
            "bucket": "b/sauter-poc-genai-demo-agent-logs",
            "condition": [],
            "etag": "CAQ=",
            "id": "b/sauter-poc-genai-demo-agent-logs/roles/storage.objectViewer/serviceAccount:bqcx-864119621453-0omf@gcp-sa-bigquery-condel.iam.gserviceaccount.com",
            "member": "serviceAccount:bqcx-864119621453-0omf@gcp-sa-bigquery-condel.iam.gserviceaccount.com",
            "role": "roles/storage.objectViewer",
            "timeouts": null
          },
          "sensitive_attributes": [],
          "identity_schema_version": 0,
          "private": "eyJlMmJmYjczMC1lY2FhLTExZTYtOGY4OC0zNDM2M2JjN2M0YzAiOnsiY3JlYXRlIjoxMjAwMDAwMDAwMDAwfX0=",
          "dependencies": [
            "google_bigquery_connection.genai_telemetry_connection",
            "google_project_service.cicd_services",
            "google_project_service.deploy_project_services",
            "google_storage_bucket.logs_data_bucket",
            "time_sleep.wait_for_bq_connection_sa"
          ]
        },
        {
          "index_key": "prod",
          "schema_version": 0,
          "attributes": {
            "bucket": "b/sauter-poc-genai-demo-agent-logs",
            "condition": [],
            "etag": "CAQ=",
            "id": "b/sauter-poc-genai-demo-agent-logs/roles/storage.objectViewer/serviceAccount:bqcx-864119621453-u67l@gcp-sa-bigquery-condel.iam.gserviceaccount.com",
            "member": "serviceAccount:bqcx-864119621453-u67l@gcp-sa-bigquery-condel.iam.gserviceaccount.com",
            "role": "roles/storage.objectViewer",
            "timeouts": null
          },
          "sensitive_attributes": [],
          "identity_schema_version": 0,
          "private": "eyJlMmJmYjczMC1lY2FhLTExZTYtOGY4OC0zNDM2M2JjN2M0YzAiOnsiY3JlYXRlIjoxMjAwMDAwMDAwMDAwfX0=",
          "dependencies": [
            "google_bigquery_connection.genai_telemetry_connection",
            "google_project_service.cicd_services",
            "google_project_service.deploy_project_services",
            "google_storage_bucket.logs_data_bucket",
            "time_sleep.wait_for_bq_connection_sa"
          ]
        },
        {
          "index_key": "staging",
          "schema_version": 0,
          "attributes": {
            "bucket": "b/sauter-poc-genai-demo-agent-logs",
            "condition": [],
            "etag": "CAQ=",
            "id": "b/sauter-poc-genai-demo-agent-logs/roles/storage.objectViewer/serviceAccount:bqcx-864119621453-2v3z@gcp-sa-bigquery-condel.iam.gserviceaccount.com",
            "member": "serviceAccount:bqcx-864119621453-2v3z@gcp-sa-bigquery-condel.iam.gserviceaccount.com",
            "role": "roles/storage.objectViewer",
            "timeouts": null
          },
          "sensitive_attributes": [],
          "identity_schema_version": 0,
          "private": "eyJlMmJmYjczMC1lY2FhLTExZTYtOGY4OC0zNDM2M2JjN2M0YzAiOnsiY3JlYXRlIjoxMjAwMDAwMDAwMDAwfX0=",
          "dependencies": [
            "google_bigquery_connection.genai_telemetry_connection",
            "google_project_service.cicd_services",
            "google_project_service.deploy_project_services",
            "google_storage_bucket.logs_data_bucket",
            "time_sleep.wait_for_bq_connection_sa"
          ]
        }
      ]
    },
    {
      "mode": "managed",
      "type": "google_vertex_ai_reasoning_engine",
      "name": "app",
      "provider": "provider[\"registry.terraform.io/hashicorp/google\"]",
      "instances": [
        {
          "index_key": "dev",
          "schema_version": 0,
          "attributes": {
            "create_time": "2026-09-14T19:29:33.231540Z",
            "deletion_policy": null,
            "description": "Agent deployed via Terraform",
            "display_name": "demo-agent",
            "effective_labels": {
              "goog-terraform-provisioned": "true"
            },
            "encryption_spec": [],
            "id": "projects/sauter-poc-genai/locations/us-central1/reasoningEngines/2666515258717241344",
            "labels": {},
            "name": "2666515258717241344",
            "project": "sauter-poc-genai",
            "region": "us-central1",
            "spec": [
              {
                "agent_framework": "google-adk",
                "class_methods": "",
                "container_spec": [],
                "deployment_spec": [
                  {
                    "container_concurrency": 9,
                    "env": [
                      {
                        "name": "ADK_CAPTURE_MESSAGE_CONTENT_IN_SPANS",
                        "value": "false"
                      },
                      {
                        "name": "AGENT_VERSION",
                        "value": "0.1.0"
                      },
                      {
                        "name": "APP_URL",
                        "value": "https://us-central1-aiplatform.googleapis.com/reasoningEngines/v1/projects/864119621453/locations/us-central1/reasoningEngines/2666515258717241344/api"
                      },
                      {
                        "name": "GOOGLE_CLOUD_AGENT_ENGINE_ENABLE_TELEMETRY",
                        "value": "true"
                      },
                      {
                        "name": "GOOGLE_CLOUD_LOCATION",
                        "value": "global"
                      },
                      {
                        "name": "GOOGLE_GENAI_USE_VERTEXAI",
                        "value": "true"
                      },
                      {
                        "name": "LOGS_BUCKET_NAME",
                        "value": "sauter-poc-genai-demo-agent-logs"
                      },
                      {
                        "name": "OTEL_INSTRUMENTATION_GENAI_CAPTURE_MESSAGE_CONTENT",
                        "value": "NO_CONTENT"
                      },
                      {
                        "name": "OTEL_INSTRUMENTATION_GENAI_COMPLETION_HOOK",
                        "value": "upload"
                      },
                      {
                        "name": "OTEL_INSTRUMENTATION_GENAI_UPLOAD_BASE_PATH",
                        "value": "gs://sauter-poc-genai-demo-agent-logs/completions"
                      },
                      {
                        "name": "OTEL_INSTRUMENTATION_GENAI_UPLOAD_FORMAT",
                        "value": "jsonl"
                      },
                      {
                        "name": "OTEL_RESOURCE_ATTRIBUTES",
                        "value": "service.version=fb7da621882dbedae887daa5f48048994e4e5946"
                      },
                      {
                        "name": "OTEL_SEMCONV_STABILITY_OPT_IN",
                        "value": "gen_ai_latest_experimental"
                      },
                      {
                        "name": "OTEL_SERVICE_NAME",
                        "value": "demo-agent"
                      }
                    ],
                    "max_instances": 10,
                    "min_instances": 1,
                    "psc_interface_config": [],
                    "resource_limits": {
                      "cpu": "4",
                      "memory": "8Gi"
                    },
                    "secret_env": []
                  }
                ],
                "effective_identity": "demo-agent-app-dev@sauter-poc-genai.iam.gserviceaccount.com",
                "identity_type": "",
                "package_spec": [],
                "service_account": "demo-agent-app-dev@sauter-poc-genai.iam.gserviceaccount.com",
                "source_code_spec": [
                  {
                    "developer_connect_source": [],
                    "image_spec": [
                      {
                        "build_args": {}
                      }
                    ],
                    "inline_source": [
                      {
                        "source_archive": "H4sIADCIIWoAA+2XX27TMBzHvSGEKM/w7Avg2In/tA99CDDUik4r3TSxJxQlhkZNk+Imo1fYDXjnBJyDU3ATnGmlXShrK9VBav2RrMROHP+c+Otvfv1g1pFBJJWDPiJgBoyxYAwCcQss65r5UaMvEuYS7GGKOYaYUCYYgDND8dyjmOaB0qHIJA6mMgyH8er7vg6lTB54zv1JQROhmoAwWMRRmxDcYoI3PAzHeTyWbSKamDVdSpsIC/1RhGC08b+Dtewcc6pfMNc/JVzohfaX/l3qVfTvcqL1j41HBg5e/+DxiyfgGIDTIIRn5/ADvKNsA091cXX5oktZ/77ZI/2Li8Hdadnjmy7PKrccLdqfh9kYBZNJItFEZdcyDdJQgqNj8Ojk3Y9fP29udjBJy7/o//H/sFBKpnkUq12Psc7/XVdU9M8ptv5fC1v5PxOw133lD153upcnaBbkuUKr1Nv233d9H1/2prLTi69GDdqC57pT7+qhTkuSt38adYEc82Os8/+yUvF/yjwAmfnQDl7/yOkvZYBvsnAk1ac4kbscQ78PTuk2+R/nlNj9vw423P+bntvidlfeP5Ax1S+Y63/z/I9yTmz+Vws2/ztolv3f1D6wzv9X5X+uzf9qYSv/t/nf3oGMqX7BOv8vNV/xf0qt/9fC28HZKSymL6PbVYAmo88oktdOmGRFpIrUCbM0D+JUu8NQJklmhWmxWCx7wm+z+TSNACIAAA=="
                      }
                    ],
                    "python_spec": []
                  }
                ]
              }
            ],
            "terraform_labels": {
              "goog-terraform-provisioned": "true"
            },
            "timeouts": null,
            "update_time": "2026-09-25T18:51:09.805825Z"
          },
          "sensitive_attributes": [],
          "identity_schema_version": 1,
          "identity": {
            "name": "2666515258717241344",
            "project": "sauter-poc-genai",
            "region": "us-central1"
          },
          "private": "eyJlMmJmYjczMC1lY2FhLTExZTYtOGY4OC0zNDM2M2JjN2M0YzAiOnsiY3JlYXRlIjoxMjAwMDAwMDAwMDAwLCJkZWxldGUiOjM2MDAwMDAwMDAwMDAsInVwZGF0ZSI6MTIwMDAwMDAwMDAwMH19",
          "dependencies": [
            "google_project_service.cicd_services",
            "google_project_service.deploy_project_services",
            "google_service_account.app_sa",
            "google_storage_bucket.logs_data_bucket"
          ]
        },
        {
          "index_key": "prod",
          "schema_version": 0,
          "attributes": {
            "create_time": "2026-09-14T19:29:35.025531Z",
            "deletion_policy": null,
            "description": "Agent deployed via Terraform",
            "display_name": "demo-agent",
            "effective_labels": {
              "goog-terraform-provisioned": "true"
            },
            "encryption_spec": [],
            "id": "projects/sauter-poc-genai/locations/us-central1/reasoningEngines/8892741743556952064",
            "labels": {},
            "name": "8892741743556952064",
            "project": "sauter-poc-genai",
            "region": "us-central1",
            "spec": [
              {
                "agent_framework": "google-adk",
                "class_methods": "",
                "container_spec": [],
                "deployment_spec": [
                  {
                    "container_concurrency": 9,
                    "env": [
                      {
                        "name": "ADK_CAPTURE_MESSAGE_CONTENT_IN_SPANS",
                        "value": "false"
                      },
                      {
                        "name": "GOOGLE_CLOUD_AGENT_ENGINE_ENABLE_TELEMETRY",
                        "value": "true"
                      },
                      {
                        "name": "GOOGLE_CLOUD_LOCATION",
                        "value": "global"
                      },
                      {
                        "name": "GOOGLE_GENAI_USE_VERTEXAI",
                        "value": "True"
                      },
                      {
                        "name": "LOGS_BUCKET_NAME",
                        "value": "sauter-poc-genai-demo-agent-logs"
                      },
                      {
                        "name": "OTEL_INSTRUMENTATION_GENAI_CAPTURE_MESSAGE_CONTENT",
                        "value": "NO_CONTENT"
                      },
                      {
                        "name": "OTEL_INSTRUMENTATION_GENAI_COMPLETION_HOOK",
                        "value": "upload"
                      },
                      {
                        "name": "OTEL_INSTRUMENTATION_GENAI_UPLOAD_BASE_PATH",
                        "value": "gs://sauter-poc-genai-demo-agent-logs/completions"
                      },
                      {
                        "name": "OTEL_INSTRUMENTATION_GENAI_UPLOAD_FORMAT",
                        "value": "jsonl"
                      },
                      {
                        "name": "OTEL_SEMCONV_STABILITY_OPT_IN",
                        "value": "gen_ai_latest_experimental"
                      },
                      {
                        "name": "OTEL_SERVICE_NAME",
                        "value": "demo-agent"
                      }
                    ],
                    "max_instances": 10,
                    "min_instances": 1,
                    "psc_interface_config": [],
                    "resource_limits": {
                      "cpu": "4",
                      "memory": "8Gi"
                    },
                    "secret_env": []
                  }
                ],
                "effective_identity": "demo-agent-app-prod@sauter-poc-genai.iam.gserviceaccount.com",
                "identity_type": "",
                "package_spec": [],
                "service_account": "demo-agent-app-prod@sauter-poc-genai.iam.gserviceaccount.com",
                "source_code_spec": [
                  {
                    "developer_connect_source": [],
                    "image_spec": [
                      {
                        "build_args": {}
                      }
                    ],
                    "inline_source": [
                      {
                        "source_archive": "H4sIADCIIWoAA+2XX27TMBzHvSGEKM/w7Avg2In/tA99CDDUik4r3TSxJxQlhkZNk+Imo1fYDXjnBJyDU3ATnGmlXShrK9VBav2RrMROHP+c+Otvfv1g1pFBJJWDPiJgBoyxYAwCcQss65r5UaMvEuYS7GGKOYaYUCYYgDND8dyjmOaB0qHIJA6mMgyH8er7vg6lTB54zv1JQROhmoAwWMRRmxDcYoI3PAzHeTyWbSKamDVdSpsIC/1RhGC08b+Dtewcc6pfMNc/JVzohfaX/l3qVfTvcqL1j41HBg5e/+DxiyfgGIDTIIRn5/ADvKNsA091cXX5oktZ/77ZI/2Li8Hdadnjmy7PKrccLdqfh9kYBZNJItFEZdcyDdJQgqNj8Ojk3Y9fP29udjBJy7/o//H/sFBKpnkUq12Psc7/XVdU9M8ptv5fC1v5PxOw133lD153upcnaBbkuUKr1Nv233d9H1/2prLTi69GDdqC57pT7+qhTkuSt38adYEc82Os8/+yUvF/yjwAmfnQDl7/yOkvZYBvsnAk1ac4kbscQ78PTuk2+R/nlNj9vw423P+bntvidlfeP5Ax1S+Y63/z/I9yTmz+Vws2/ztolv3f1D6wzv9X5X+uzf9qYSv/t/nf3oGMqX7BOv8vNV/xf0qt/9fC28HZKSymL6PbVYAmo88oktdOmGRFpIrUCbM0D+JUu8NQJklmhWmxWCx7wm+z+TSNACIAAA=="
                      }
                    ],
                    "python_spec": []
                  }
                ]
              }
            ],
            "terraform_labels": {
              "goog-terraform-provisioned": "true"
            },
            "timeouts": null,
            "update_time": "2026-09-14T19:30:20.500704Z"
          },
          "sensitive_attributes": [],
          "identity_schema_version": 1,
          "identity": {
            "name": "8892741743556952064",
            "project": "sauter-poc-genai",
            "region": "us-central1"
          },
          "private": "eyJlMmJmYjczMC1lY2FhLTExZTYtOGY4OC0zNDM2M2JjN2M0YzAiOnsiY3JlYXRlIjoxMjAwMDAwMDAwMDAwLCJkZWxldGUiOjM2MDAwMDAwMDAwMDAsInVwZGF0ZSI6MTIwMDAwMDAwMDAwMH19",
          "dependencies": [
            "google_project_service.cicd_services",
            "google_project_service.deploy_project_services",
            "google_service_account.app_sa",
            "google_storage_bucket.logs_data_bucket"
          ]
        },
        {
          "index_key": "staging",
          "schema_version": 0,
          "attributes": {
            "create_time": "2026-09-14T19:29:32.117784Z",
            "deletion_policy": null,
            "description": "Agent deployed via Terraform",
            "display_name": "demo-agent",
            "effective_labels": {
              "goog-terraform-provisioned": "true"
            },
            "encryption_spec": [],
            "id": "projects/sauter-poc-genai/locations/us-central1/reasoningEngines/6938179505278156800",
            "labels": {},
            "name": "6938179505278156800",
            "project": "sauter-poc-genai",
            "region": "us-central1",
            "spec": [
              {
                "agent_framework": "google-adk",
                "class_methods": "",
                "container_spec": [],
                "deployment_spec": [
                  {
                    "container_concurrency": 9,
                    "env": [
                      {
                        "name": "ADK_CAPTURE_MESSAGE_CONTENT_IN_SPANS",
                        "value": "false"
                      },
                      {
                        "name": "GOOGLE_CLOUD_AGENT_ENGINE_ENABLE_TELEMETRY",
                        "value": "true"
                      },
                      {
                        "name": "GOOGLE_CLOUD_LOCATION",
                        "value": "global"
                      },
                      {
                        "name": "GOOGLE_GENAI_USE_VERTEXAI",
                        "value": "True"
                      },
                      {
                        "name": "LOGS_BUCKET_NAME",
                        "value": "sauter-poc-genai-demo-agent-logs"
                      },
                      {
                        "name": "OTEL_INSTRUMENTATION_GENAI_CAPTURE_MESSAGE_CONTENT",
                        "value": "NO_CONTENT"
                      },
                      {
                        "name": "OTEL_INSTRUMENTATION_GENAI_COMPLETION_HOOK",
                        "value": "upload"
                      },
                      {
                        "name": "OTEL_INSTRUMENTATION_GENAI_UPLOAD_BASE_PATH",
                        "value": "gs://sauter-poc-genai-demo-agent-logs/completions"
                      },
                      {
                        "name": "OTEL_INSTRUMENTATION_GENAI_UPLOAD_FORMAT",
                        "value": "jsonl"
                      },
                      {
                        "name": "OTEL_SEMCONV_STABILITY_OPT_IN",
                        "value": "gen_ai_latest_experimental"
                      },
                      {
                        "name": "OTEL_SERVICE_NAME",
                        "value": "demo-agent"
                      }
                    ],
                    "max_instances": 10,
                    "min_instances": 1,
                    "psc_interface_config": [],
                    "resource_limits": {
                      "cpu": "4",
                      "memory": "8Gi"
                    },
                    "secret_env": []
                  }
                ],
                "effective_identity": "demo-agent-app-staging@sauter-poc-genai.iam.gserviceaccount.com",
                "identity_type": "",
                "package_spec": [],
                "service_account": "demo-agent-app-staging@sauter-poc-genai.iam.gserviceaccount.com",
                "source_code_spec": [
                  {
                    "developer_connect_source": [],
                    "image_spec": [
                      {
                        "build_args": {}
                      }
                    ],
                    "inline_source": [
                      {
                        "source_archive": "H4sIADCIIWoAA+2XX27TMBzHvSGEKM/w7Avg2In/tA99CDDUik4r3TSxJxQlhkZNk+Imo1fYDXjnBJyDU3ATnGmlXShrK9VBav2RrMROHP+c+Otvfv1g1pFBJJWDPiJgBoyxYAwCcQss65r5UaMvEuYS7GGKOYaYUCYYgDND8dyjmOaB0qHIJA6mMgyH8er7vg6lTB54zv1JQROhmoAwWMRRmxDcYoI3PAzHeTyWbSKamDVdSpsIC/1RhGC08b+Dtewcc6pfMNc/JVzohfaX/l3qVfTvcqL1j41HBg5e/+DxiyfgGIDTIIRn5/ADvKNsA091cXX5oktZ/77ZI/2Li8Hdadnjmy7PKrccLdqfh9kYBZNJItFEZdcyDdJQgqNj8Ojk3Y9fP29udjBJy7/o//H/sFBKpnkUq12Psc7/XVdU9M8ptv5fC1v5PxOw133lD153upcnaBbkuUKr1Nv233d9H1/2prLTi69GDdqC57pT7+qhTkuSt38adYEc82Os8/+yUvF/yjwAmfnQDl7/yOkvZYBvsnAk1ac4kbscQ78PTuk2+R/nlNj9vw423P+bntvidlfeP5Ax1S+Y63/z/I9yTmz+Vws2/ztolv3f1D6wzv9X5X+uzf9qYSv/t/nf3oGMqX7BOv8vNV/xf0qt/9fC28HZKSymL6PbVYAmo88oktdOmGRFpIrUCbM0D+JUu8NQJklmhWmxWCx7wm+z+TSNACIAAA=="
                      }
                    ],
                    "python_spec": []
                  }
                ]
              }
            ],
            "terraform_labels": {
              "goog-terraform-provisioned": "true"
            },
            "timeouts": null,
            "update_time": "2026-09-14T19:30:23.745250Z"
          },
          "sensitive_attributes": [],
          "identity_schema_version": 1,
          "identity": {
            "name": "6938179505278156800",
            "project": "sauter-poc-genai",
            "region": "us-central1"
          },
          "private": "eyJlMmJmYjczMC1lY2FhLTExZTYtOGY4OC0zNDM2M2JjN2M0YzAiOnsiY3JlYXRlIjoxMjAwMDAwMDAwMDAwLCJkZWxldGUiOjM2MDAwMDAwMDAwMDAsInVwZGF0ZSI6MTIwMDAwMDAwMDAwMH19",
          "dependencies": [
            "google_project_service.cicd_services",
            "google_project_service.deploy_project_services",
            "google_service_account.app_sa",
            "google_storage_bucket.logs_data_bucket"
          ]
        }
      ]
    },
    {
      "mode": "managed",
      "type": "time_sleep",
      "name": "wait_for_bq_connection_sa",
      "provider": "provider[\"registry.terraform.io/hashicorp/time\"]",
      "instances": [
        {
          "index_key": "dev",
          "schema_version": 0,
          "attributes": {
            "create_duration": "10s",
            "destroy_duration": null,
            "id": "2026-09-14T19:29:27Z",
            "triggers": null
          },
          "sensitive_attributes": [],
          "identity_schema_version": 0,
          "dependencies": [
            "google_bigquery_connection.genai_telemetry_connection",
            "google_project_service.cicd_services",
            "google_project_service.deploy_project_services"
          ]
        },
        {
          "index_key": "prod",
          "schema_version": 0,
          "attributes": {
            "create_duration": "10s",
            "destroy_duration": null,
            "id": "2026-09-14T19:29:27Z",
            "triggers": null
          },
          "sensitive_attributes": [],
          "identity_schema_version": 0,
          "dependencies": [
            "google_bigquery_connection.genai_telemetry_connection",
            "google_project_service.cicd_services",
            "google_project_service.deploy_project_services"
          ]
        },
        {
          "index_key": "staging",
          "schema_version": 0,
          "attributes": {
            "create_duration": "10s",
            "destroy_duration": null,
            "id": "2026-09-14T19:29:27Z",
            "triggers": null
          },
          "sensitive_attributes": [],
          "identity_schema_version": 0,
          "dependencies": [
            "google_bigquery_connection.genai_telemetry_connection",
            "google_project_service.cicd_services",
            "google_project_service.deploy_project_services"
          ]
        }
      ]
    }
  ],
  "check_results": null
}
